// !$*UTF8*$!
{
	archiveVersion = 1;
	classes = {
	};
	objectVersion = 46;
	objects = {

/* Begin PBXBuildFile section */
		7853FF56165D1E7A00E85C4C /* tabbar_mall.png in Resources */ = {isa = PBXBuildFile; fileRef = 7853FF55165D1E7600E85C4C /* tabbar_mall.png */; };
		7853FF58165D1EE800E85C4C /* tabbar_activity.png in Resources */ = {isa = PBXBuildFile; fileRef = 7853FF57165D1EE600E85C4C /* tabbar_activity.png */; };
		7853FF5A165D1F6C00E85C4C /* tabbar_myfavorites.png in Resources */ = {isa = PBXBuildFile; fileRef = 7853FF59165D1F6A00E85C4C /* tabbar_myfavorites.png */; };
		7853FF5C165D20EB00E85C4C /* login_infoBack.png in Resources */ = {isa = PBXBuildFile; fileRef = 7853FF5B165D20E900E85C4C /* login_infoBack.png */; };
		7853FF61165D243700E85C4C /* register_cookNomal.png in Resources */ = {isa = PBXBuildFile; fileRef = 7853FF5D165D242E00E85C4C /* register_cookNomal.png */; };
		7853FF62165D243700E85C4C /* register_cookSelect.png in Resources */ = {isa = PBXBuildFile; fileRef = 7853FF5E165D243000E85C4C /* register_cookSelect.png */; };
		7853FF63165D243700E85C4C /* register_HotelNomal.png in Resources */ = {isa = PBXBuildFile; fileRef = 7853FF5F165D243200E85C4C /* register_HotelNomal.png */; };
		7853FF64165D243700E85C4C /* register_HotelSelect.png in Resources */ = {isa = PBXBuildFile; fileRef = 7853FF60165D243500E85C4C /* register_HotelSelect.png */; };
		7870AF2316626FD500255A96 /* CookPersonal_TableView.m in Sources */ = {isa = PBXBuildFile; fileRef = 7870AF2216626FD400255A96 /* CookPersonal_TableView.m */; };
		78BD091E1663AA7C00006E4E /* tabbar_more.png in Resources */ = {isa = PBXBuildFile; fileRef = 78BD091D1663AA7C00006E4E /* tabbar_more.png */; };
		78C3B26916592BFB004EA92C /* p3_1.png in Resources */ = {isa = PBXBuildFile; fileRef = 78C3B26816592BFB004EA92C /* p3_1.png */; };
		78C3B26B16592CD5004EA92C /* p3.png in Resources */ = {isa = PBXBuildFile; fileRef = 78C3B26A16592CD5004EA92C /* p3.png */; };
		78C3B26D16592D91004EA92C /* back_tob.png in Resources */ = {isa = PBXBuildFile; fileRef = 78C3B26C16592D91004EA92C /* back_tob.png */; };
		78C3B26F16592E2A004EA92C /* p3_2.png in Resources */ = {isa = PBXBuildFile; fileRef = 78C3B26E16592E2A004EA92C /* p3_2.png */; };
		78C3B27116592F61004EA92C /* bg-yematiao.png in Resources */ = {isa = PBXBuildFile; fileRef = 78C3B27016592F61004EA92C /* bg-yematiao.png */; };
		78C3B27816592FFF004EA92C /* shoucang.png in Resources */ = {isa = PBXBuildFile; fileRef = 78C3B27216592FFE004EA92C /* shoucang.png */; };
		78C3B27916592FFF004EA92C /* p3_icon5.png in Resources */ = {isa = PBXBuildFile; fileRef = 78C3B27316592FFE004EA92C /* p3_icon5.png */; };
		78C3B27A16592FFF004EA92C /* p3_icon2.png in Resources */ = {isa = PBXBuildFile; fileRef = 78C3B27416592FFE004EA92C /* p3_icon2.png */; };
		78C3B27B16592FFF004EA92C /* p3_icon1.png in Resources */ = {isa = PBXBuildFile; fileRef = 78C3B27516592FFE004EA92C /* p3_icon1.png */; };
		78C3B27C16592FFF004EA92C /* huodong.png in Resources */ = {isa = PBXBuildFile; fileRef = 78C3B27616592FFE004EA92C /* huodong.png */; };
		78C3B27D16592FFF004EA92C /* gonggao.png in Resources */ = {isa = PBXBuildFile; fileRef = 78C3B27716592FFE004EA92C /* gonggao.png */; };
		78F1DA1B163D8AA300FBBA0B /* UIKit.framework in Frameworks */ = {isa = PBXBuildFile; fileRef = 78F1DA1A163D8AA300FBBA0B /* UIKit.framework */; };
		78F1DA1D163D8AA300FBBA0B /* Foundation.framework in Frameworks */ = {isa = PBXBuildFile; fileRef = 78F1DA1C163D8AA300FBBA0B /* Foundation.framework */; };
		78F1DA23163D8AA300FBBA0B /* InfoPlist.strings in Resources */ = {isa = PBXBuildFile; fileRef = 78F1DA21163D8AA300FBBA0B /* InfoPlist.strings */; };
		78F1DA25163D8AA300FBBA0B /* main.m in Sources */ = {isa = PBXBuildFile; fileRef = 78F1DA24163D8AA300FBBA0B /* main.m */; };
		78FEB3861660CB940086ACCF /* register_agree.png in Resources */ = {isa = PBXBuildFile; fileRef = 78FEB3841660CB930086ACCF /* register_agree.png */; };
		78FEB3871660CB940086ACCF /* register_disagree.png in Resources */ = {isa = PBXBuildFile; fileRef = 78FEB3851660CB930086ACCF /* register_disagree.png */; };
		9F1D285816625EC00080E96E /* StartView.m in Sources */ = {isa = PBXBuildFile; fileRef = 9F1D285716625EC00080E96E /* StartView.m */; };
		9F1D2861166260E40080E96E /* StyledPageControl.m in Sources */ = {isa = PBXBuildFile; fileRef = 9F1D2860166260E40080E96E /* StyledPageControl.m */; settings = {COMPILER_FLAGS = "-fno-objc-arc"; }; };
		9F1D2864166261810080E96E /* pageControIcon_disable.png in Resources */ = {isa = PBXBuildFile; fileRef = 9F1D2862166261810080E96E /* pageControIcon_disable.png */; };
		9F1D2865166261810080E96E /* pageControIcon_enable.png in Resources */ = {isa = PBXBuildFile; fileRef = 9F1D2863166261810080E96E /* pageControIcon_enable.png */; };
		AF2D39B916645C9F00720690 /* city.plist in Resources */ = {isa = PBXBuildFile; fileRef = AF2D39B816645C9F00720690 /* city.plist */; };
		AF416ACD165A00AE00FA0846 /* tabbar_home.png in Resources */ = {isa = PBXBuildFile; fileRef = AF416AC9165A00AD00FA0846 /* tabbar_home.png */; };
		AF416ACE165A00AE00FA0846 /* tabbar_activate.png in Resources */ = {isa = PBXBuildFile; fileRef = AF416ACA165A00AD00FA0846 /* tabbar_activate.png */; };
		AF416AD9165A0A1900FA0846 /* tabbar_management.png in Resources */ = {isa = PBXBuildFile; fileRef = AF416AD6165A0A1900FA0846 /* tabbar_management.png */; };
		AF416ADA165A0A1900FA0846 /* tabbar_announcement.png in Resources */ = {isa = PBXBuildFile; fileRef = AF416AD7165A0A1900FA0846 /* tabbar_announcement.png */; };
		AF416B14165A1F2100FA0846 /* CoreGraphics.framework in Frameworks */ = {isa = PBXBuildFile; fileRef = AF416B13165A1F2100FA0846 /* CoreGraphics.framework */; };
		AF416B38165A28D400FA0846 /* AppDelegate.m in Sources */ = {isa = PBXBuildFile; fileRef = AF416B31165A28D400FA0846 /* AppDelegate.m */; };
		AF416B5E165A293C00FA0846 /* MBProgressHUD.m in Sources */ = {isa = PBXBuildFile; fileRef = AF416B57165A293C00FA0846 /* MBProgressHUD.m */; };
		AF416B5F165A293C00FA0846 /* QInterFace.m in Sources */ = {isa = PBXBuildFile; fileRef = AF416B5A165A293C00FA0846 /* QInterFace.m */; settings = {COMPILER_FLAGS = "-fno-objc-arc"; }; };
		AF416B60165A293C00FA0846 /* QNetWorkManage.m in Sources */ = {isa = PBXBuildFile; fileRef = AF416B5C165A293C00FA0846 /* QNetWorkManage.m */; settings = {COMPILER_FLAGS = "-fno-objc-arc"; }; };
		AF416B63165A299A00FA0846 /* DataSource.m in Sources */ = {isa = PBXBuildFile; fileRef = AF416B62165A299A00FA0846 /* DataSource.m */; };
		AF416B95165A2AC900FA0846 /* ASIAuthenticationDialog.m in Sources */ = {isa = PBXBuildFile; fileRef = AF416B66165A2AC800FA0846 /* ASIAuthenticationDialog.m */; settings = {COMPILER_FLAGS = "-fno-objc-arc"; }; };
		AF416B96165A2AC900FA0846 /* ASIDataCompressor.m in Sources */ = {isa = PBXBuildFile; fileRef = AF416B69165A2AC800FA0846 /* ASIDataCompressor.m */; settings = {COMPILER_FLAGS = "-fno-objc-arc"; }; };
		AF416B97165A2AC900FA0846 /* ASIDataDecompressor.m in Sources */ = {isa = PBXBuildFile; fileRef = AF416B6B165A2AC800FA0846 /* ASIDataDecompressor.m */; settings = {COMPILER_FLAGS = "-fno-objc-arc"; }; };
		AF416B98165A2AC900FA0846 /* ASIDownloadCache.m in Sources */ = {isa = PBXBuildFile; fileRef = AF416B6D165A2AC800FA0846 /* ASIDownloadCache.m */; settings = {COMPILER_FLAGS = "-fno-objc-arc"; }; };
		AF416B99165A2AC900FA0846 /* ASIFormDataRequest.m in Sources */ = {isa = PBXBuildFile; fileRef = AF416B6F165A2AC800FA0846 /* ASIFormDataRequest.m */; settings = {COMPILER_FLAGS = "-fno-objc-arc"; }; };
		AF416B9A165A2AC900FA0846 /* ASIHTTPRequest.m in Sources */ = {isa = PBXBuildFile; fileRef = AF416B71165A2AC800FA0846 /* ASIHTTPRequest.m */; settings = {COMPILER_FLAGS = "-fno-objc-arc"; }; };
		AF416B9B165A2AC900FA0846 /* ASIInputStream.m in Sources */ = {isa = PBXBuildFile; fileRef = AF416B75165A2AC800FA0846 /* ASIInputStream.m */; settings = {COMPILER_FLAGS = "-fno-objc-arc"; }; };
		AF416B9C165A2AC900FA0846 /* ASINetworkQueue.m in Sources */ = {isa = PBXBuildFile; fileRef = AF416B77165A2AC800FA0846 /* ASINetworkQueue.m */; settings = {COMPILER_FLAGS = "-fno-objc-arc"; }; };
		AF416B9D165A2AC900FA0846 /* Reachability.m in Sources */ = {isa = PBXBuildFile; fileRef = AF416B7A165A2AC800FA0846 /* Reachability.m */; settings = {COMPILER_FLAGS = "-fno-objc-arc"; }; };
		AF416B9E165A2AC900FA0846 /* NSObject+SBJson.m in Sources */ = {isa = PBXBuildFile; fileRef = AF416B7D165A2AC900FA0846 /* NSObject+SBJson.m */; settings = {COMPILER_FLAGS = "-fno-objc-arc"; }; };
		AF416B9F165A2AC900FA0846 /* SBJsonParser.m in Sources */ = {isa = PBXBuildFile; fileRef = AF416B80165A2AC900FA0846 /* SBJsonParser.m */; settings = {COMPILER_FLAGS = "-fno-objc-arc"; }; };
		AF416BA0165A2AC900FA0846 /* SBJsonStreamParser.m in Sources */ = {isa = PBXBuildFile; fileRef = AF416B82165A2AC900FA0846 /* SBJsonStreamParser.m */; settings = {COMPILER_FLAGS = "-fno-objc-arc"; }; };
		AF416BA1165A2AC900FA0846 /* SBJsonStreamParserAccumulator.m in Sources */ = {isa = PBXBuildFile; fileRef = AF416B84165A2AC900FA0846 /* SBJsonStreamParserAccumulator.m */; settings = {COMPILER_FLAGS = "-fno-objc-arc"; }; };
		AF416BA2165A2AC900FA0846 /* SBJsonStreamParserAdapter.m in Sources */ = {isa = PBXBuildFile; fileRef = AF416B86165A2AC900FA0846 /* SBJsonStreamParserAdapter.m */; settings = {COMPILER_FLAGS = "-fno-objc-arc"; }; };
		AF416BA3165A2AC900FA0846 /* SBJsonStreamParserState.m in Sources */ = {isa = PBXBuildFile; fileRef = AF416B88165A2AC900FA0846 /* SBJsonStreamParserState.m */; settings = {COMPILER_FLAGS = "-fno-objc-arc"; }; };
		AF416BA4165A2AC900FA0846 /* SBJsonStreamWriter.m in Sources */ = {isa = PBXBuildFile; fileRef = AF416B8A165A2AC900FA0846 /* SBJsonStreamWriter.m */; settings = {COMPILER_FLAGS = "-fno-objc-arc"; }; };
		AF416BA5165A2AC900FA0846 /* SBJsonStreamWriterAccumulator.m in Sources */ = {isa = PBXBuildFile; fileRef = AF416B8C165A2AC900FA0846 /* SBJsonStreamWriterAccumulator.m */; settings = {COMPILER_FLAGS = "-fno-objc-arc"; }; };
		AF416BA6165A2AC900FA0846 /* SBJsonStreamWriterState.m in Sources */ = {isa = PBXBuildFile; fileRef = AF416B8E165A2AC900FA0846 /* SBJsonStreamWriterState.m */; settings = {COMPILER_FLAGS = "-fno-objc-arc"; }; };
		AF416BA7165A2AC900FA0846 /* SBJsonTokeniser.m in Sources */ = {isa = PBXBuildFile; fileRef = AF416B90165A2AC900FA0846 /* SBJsonTokeniser.m */; settings = {COMPILER_FLAGS = "-fno-objc-arc"; }; };
		AF416BA8165A2AC900FA0846 /* SBJsonUTF8Stream.m in Sources */ = {isa = PBXBuildFile; fileRef = AF416B92165A2AC900FA0846 /* SBJsonUTF8Stream.m */; settings = {COMPILER_FLAGS = "-fno-objc-arc"; }; };
		AF416BA9165A2AC900FA0846 /* SBJsonWriter.m in Sources */ = {isa = PBXBuildFile; fileRef = AF416B94165A2AC900FA0846 /* SBJsonWriter.m */; settings = {COMPILER_FLAGS = "-fno-objc-arc"; }; };
		AF416BAB165A2AEB00FA0846 /* QuartzCore.framework in Frameworks */ = {isa = PBXBuildFile; fileRef = AF416BAA165A2AEB00FA0846 /* QuartzCore.framework */; };
		AF416BAD165A2B0000FA0846 /* SystemConfiguration.framework in Frameworks */ = {isa = PBXBuildFile; fileRef = AF416BAC165A2AFF00FA0846 /* SystemConfiguration.framework */; };
		AF416BAF165A2B0C00FA0846 /* CFNetwork.framework in Frameworks */ = {isa = PBXBuildFile; fileRef = AF416BAE165A2B0C00FA0846 /* CFNetwork.framework */; };
		AF416BB1165A2B1900FA0846 /* MobileCoreServices.framework in Frameworks */ = {isa = PBXBuildFile; fileRef = AF416BB0165A2B1900FA0846 /* MobileCoreServices.framework */; };
		AF416BB3165A2B2800FA0846 /* libz.dylib in Frameworks */ = {isa = PBXBuildFile; fileRef = AF416BB2165A2B2800FA0846 /* libz.dylib */; };
		AFDEDB37165C862600EC461A /* RegisterViewController.m in Sources */ = {isa = PBXBuildFile; fileRef = AFDEDB31165C862600EC461A /* RegisterViewController.m */; };
		AFDEDB38165C862600EC461A /* RegisterViewController.xib in Resources */ = {isa = PBXBuildFile; fileRef = AFDEDB32165C862600EC461A /* RegisterViewController.xib */; };
		AFDEDB6D165CB97D00EC461A /* ForgotPasswordViewController.m in Sources */ = {isa = PBXBuildFile; fileRef = AFDEDB65165CB97D00EC461A /* ForgotPasswordViewController.m */; };
		AFDEDB6E165CB97D00EC461A /* ForgotPasswordViewController.xib in Resources */ = {isa = PBXBuildFile; fileRef = AFDEDB66165CB97D00EC461A /* ForgotPasswordViewController.xib */; };
		AFDEDB6F165CB97D00EC461A /* LoginViewController.m in Sources */ = {isa = PBXBuildFile; fileRef = AFDEDB68165CB97D00EC461A /* LoginViewController.m */; };
		AFDEDB70165CB97D00EC461A /* LoginViewController.xib in Resources */ = {isa = PBXBuildFile; fileRef = AFDEDB69165CB97D00EC461A /* LoginViewController.xib */; };
		AFDEDB71165CB97D00EC461A /* RegisterAgreeViewController.m in Sources */ = {isa = PBXBuildFile; fileRef = AFDEDB6B165CB97D00EC461A /* RegisterAgreeViewController.m */; };
		AFDEDB72165CB97D00EC461A /* RegisterAgreeViewController.xib in Resources */ = {isa = PBXBuildFile; fileRef = AFDEDB6C165CB97D00EC461A /* RegisterAgreeViewController.xib */; };
		AFF53ED51663100A00882AFD /* MyFavoritesViewController.m in Sources */ = {isa = PBXBuildFile; fileRef = AFF53ED31663100A00882AFD /* MyFavoritesViewController.m */; };
		AFF53ED61663100A00882AFD /* MyFavoritesViewController.xib in Resources */ = {isa = PBXBuildFile; fileRef = AFF53ED41663100A00882AFD /* MyFavoritesViewController.xib */; };
		AFF53EDB1663102800882AFD /* ManagementCenterViewController.m in Sources */ = {isa = PBXBuildFile; fileRef = AFF53ED91663102800882AFD /* ManagementCenterViewController.m */; };
		AFF53EDC1663102800882AFD /* ManagementCenterViewController.xib in Resources */ = {isa = PBXBuildFile; fileRef = AFF53EDA1663102800882AFD /* ManagementCenterViewController.xib */; };
		AFF53EE11663113F00882AFD /* AnnouncementViewController.m in Sources */ = {isa = PBXBuildFile; fileRef = AFF53EDF1663113F00882AFD /* AnnouncementViewController.m */; };
		AFF53EE21663113F00882AFD /* AnnouncementViewController.xib in Resources */ = {isa = PBXBuildFile; fileRef = AFF53EE01663113F00882AFD /* AnnouncementViewController.xib */; };
		AFF53EE71663115600882AFD /* ActivityViewController.m in Sources */ = {isa = PBXBuildFile; fileRef = AFF53EE51663115600882AFD /* ActivityViewController.m */; };
		AFF53EE81663115600882AFD /* ActivityViewController.xib in Resources */ = {isa = PBXBuildFile; fileRef = AFF53EE61663115600882AFD /* ActivityViewController.xib */; };
		AFF53EED1663116700882AFD /* MallViewController.m in Sources */ = {isa = PBXBuildFile; fileRef = AFF53EEB1663116700882AFD /* MallViewController.m */; };
		AFF53EEE1663116700882AFD /* MallViewController.xib in Resources */ = {isa = PBXBuildFile; fileRef = AFF53EEC1663116700882AFD /* MallViewController.xib */; };
		AFF53EFC1663117600882AFD /* ActivateViewController.m in Sources */ = {isa = PBXBuildFile; fileRef = AFF53EF11663117600882AFD /* ActivateViewController.m */; };
		AFF53EFD1663117600882AFD /* ActivateViewController.xib in Resources */ = {isa = PBXBuildFile; fileRef = AFF53EF21663117600882AFD /* ActivateViewController.xib */; };
		AFF53EFE1663117600882AFD /* ActivationFailsViewController.m in Sources */ = {isa = PBXBuildFile; fileRef = AFF53EF41663117600882AFD /* ActivationFailsViewController.m */; };
		AFF53EFF1663117600882AFD /* ActivationFailsViewController.xib in Resources */ = {isa = PBXBuildFile; fileRef = AFF53EF51663117600882AFD /* ActivationFailsViewController.xib */; };
		AFF53F001663117600882AFD /* ActivationSuccessfulViewController.m in Sources */ = {isa = PBXBuildFile; fileRef = AFF53EF71663117600882AFD /* ActivationSuccessfulViewController.m */; };
		AFF53F011663117600882AFD /* ActivationSuccessfulViewController.xib in Resources */ = {isa = PBXBuildFile; fileRef = AFF53EF81663117600882AFD /* ActivationSuccessfulViewController.xib */; };
		AFF53F021663117600882AFD /* InputPointsViewController.m in Sources */ = {isa = PBXBuildFile; fileRef = AFF53EFA1663117600882AFD /* InputPointsViewController.m */; };
		AFF53F031663117600882AFD /* InputPointsViewController.xib in Resources */ = {isa = PBXBuildFile; fileRef = AFF53EFB1663117600882AFD /* InputPointsViewController.xib */; };
		AFF53F0B1663118300882AFD /* HomeCookViewController.m in Sources */ = {isa = PBXBuildFile; fileRef = AFF53F061663118300882AFD /* HomeCookViewController.m */; };
		AFF53F0C1663118300882AFD /* HomeCookViewController.xib in Resources */ = {isa = PBXBuildFile; fileRef = AFF53F071663118300882AFD /* HomeCookViewController.xib */; };
		AFF53F0D1663118300882AFD /* HomeViewController.m in Sources */ = {isa = PBXBuildFile; fileRef = AFF53F091663118300882AFD /* HomeViewController.m */; };
		AFF53F0E1663118300882AFD /* HomeViewController.xib in Resources */ = {isa = PBXBuildFile; fileRef = AFF53F0A1663118300882AFD /* HomeViewController.xib */; };
		AFF53F161663161E00882AFD /* MoreViewController.m in Sources */ = {isa = PBXBuildFile; fileRef = AFF53F141663161E00882AFD /* MoreViewController.m */; };
		AFF53F171663161E00882AFD /* MoreViewController.xib in Resources */ = {isa = PBXBuildFile; fileRef = AFF53F151663161E00882AFD /* MoreViewController.xib */; };
		AFFD58D5165CE5EF00DCFED4 /* back.png in Resources */ = {isa = PBXBuildFile; fileRef = AFFD58C2165CE5EF00DCFED4 /* back.png */; };
		AFFD58D6165CE5EF00DCFED4 /* firstLogin_1.png in Resources */ = {isa = PBXBuildFile; fileRef = AFFD58C3165CE5EF00DCFED4 /* firstLogin_1.png */; };
		AFFD58D7165CE5EF00DCFED4 /* firstLogin_2.png in Resources */ = {isa = PBXBuildFile; fileRef = AFFD58C4165CE5EF00DCFED4 /* firstLogin_2.png */; };
		AFFD58D8165CE5EF00DCFED4 /* firstLogin_3.png in Resources */ = {isa = PBXBuildFile; fileRef = AFFD58C5165CE5EF00DCFED4 /* firstLogin_3.png */; };
		AFFD58D9165CE5EF00DCFED4 /* forgotPassword_cancle.png in Resources */ = {isa = PBXBuildFile; fileRef = AFFD58C6165CE5EF00DCFED4 /* forgotPassword_cancle.png */; };
		AFFD58DA165CE5EF00DCFED4 /* forgotPassword_submit.png in Resources */ = {isa = PBXBuildFile; fileRef = AFFD58C7165CE5EF00DCFED4 /* forgotPassword_submit.png */; };
		AFFD58DB165CE5EF00DCFED4 /* login_forgotPassBackground.png in Resources */ = {isa = PBXBuildFile; fileRef = AFFD58C8165CE5EF00DCFED4 /* login_forgotPassBackground.png */; };
		AFFD58DC165CE5EF00DCFED4 /* login_login.png in Resources */ = {isa = PBXBuildFile; fileRef = AFFD58C9165CE5EF00DCFED4 /* login_login.png */; };
		AFFD58DD165CE5EF00DCFED4 /* login_pickButton.png in Resources */ = {isa = PBXBuildFile; fileRef = AFFD58CA165CE5EF00DCFED4 /* login_pickButton.png */; };
		AFFD58DE165CE5EF00DCFED4 /* login_Remember me.png in Resources */ = {isa = PBXBuildFile; fileRef = AFFD58CB165CE5EF00DCFED4 /* login_Remember me.png */; };
		AFFD58DF165CE5EF00DCFED4 /* login_RememberOut.png in Resources */ = {isa = PBXBuildFile; fileRef = AFFD58CC165CE5EF00DCFED4 /* login_RememberOut.png */; };
		AFFD58E0165CE5EF00DCFED4 /* login_reset.png in Resources */ = {isa = PBXBuildFile; fileRef = AFFD58CD165CE5EF00DCFED4 /* login_reset.png */; };
		AFFD58E1165CE5EF00DCFED4 /* login_selectIn.png in Resources */ = {isa = PBXBuildFile; fileRef = AFFD58CE165CE5EF00DCFED4 /* login_selectIn.png */; };
		AFFD58E2165CE5EF00DCFED4 /* login_selectOut.png in Resources */ = {isa = PBXBuildFile; fileRef = AFFD58CF165CE5EF00DCFED4 /* login_selectOut.png */; };
		AFFD58E3165CE5EF00DCFED4 /* login_welcome.png in Resources */ = {isa = PBXBuildFile; fileRef = AFFD58D0165CE5EF00DCFED4 /* login_welcome.png */; };
		AFFD58E4165CE5EF00DCFED4 /* register_DownBigBox.png in Resources */ = {isa = PBXBuildFile; fileRef = AFFD58D1165CE5EF00DCFED4 /* register_DownBigBox.png */; };
		AFFD58E5165CE5EF00DCFED4 /* register_DownLittleBox.png in Resources */ = {isa = PBXBuildFile; fileRef = AFFD58D2165CE5EF00DCFED4 /* register_DownLittleBox.png */; };
		AFFD58E6165CE5EF00DCFED4 /* register_register.png in Resources */ = {isa = PBXBuildFile; fileRef = AFFD58D3165CE5EF00DCFED4 /* register_register.png */; };
		AFFD58E9165CE66E00DCFED4 /* top_bar.png in Resources */ = {isa = PBXBuildFile; fileRef = AFFD58E8165CE66E00DCFED4 /* top_bar.png */; };
/* End PBXBuildFile section */

/* Begin PBXFileReference section */
		7853FF55165D1E7600E85C4C /* tabbar_mall.png */ = {isa = PBXFileReference; lastKnownFileType = image.png; name = tabbar_mall.png; path = ../tabbar_mall.png; sourceTree = "<group>"; };
		7853FF57165D1EE600E85C4C /* tabbar_activity.png */ = {isa = PBXFileReference; lastKnownFileType = image.png; name = tabbar_activity.png; path = ../tabbar_activity.png; sourceTree = "<group>"; };
		7853FF59165D1F6A00E85C4C /* tabbar_myfavorites.png */ = {isa = PBXFileReference; lastKnownFileType = image.png; name = tabbar_myfavorites.png; path = ../tabbar_myfavorites.png; sourceTree = "<group>"; };
		7853FF5B165D20E900E85C4C /* login_infoBack.png */ = {isa = PBXFileReference; lastKnownFileType = image.png; path = login_infoBack.png; sourceTree = "<group>"; };
		7853FF5D165D242E00E85C4C /* register_cookNomal.png */ = {isa = PBXFileReference; lastKnownFileType = image.png; path = register_cookNomal.png; sourceTree = "<group>"; };
		7853FF5E165D243000E85C4C /* register_cookSelect.png */ = {isa = PBXFileReference; lastKnownFileType = image.png; path = register_cookSelect.png; sourceTree = "<group>"; };
		7853FF5F165D243200E85C4C /* register_HotelNomal.png */ = {isa = PBXFileReference; lastKnownFileType = image.png; path = register_HotelNomal.png; sourceTree = "<group>"; };
		7853FF60165D243500E85C4C /* register_HotelSelect.png */ = {isa = PBXFileReference; lastKnownFileType = image.png; path = register_HotelSelect.png; sourceTree = "<group>"; };
		7870AF2116626FD400255A96 /* CookPersonal_TableView.h */ = {isa = PBXFileReference; fileEncoding = 4; lastKnownFileType = sourcecode.c.h; path = CookPersonal_TableView.h; sourceTree = "<group>"; };
		7870AF2216626FD400255A96 /* CookPersonal_TableView.m */ = {isa = PBXFileReference; fileEncoding = 4; lastKnownFileType = sourcecode.c.objc; path = CookPersonal_TableView.m; sourceTree = "<group>"; };
		78BD091D1663AA7C00006E4E /* tabbar_more.png */ = {isa = PBXFileReference; lastKnownFileType = image.png; path = tabbar_more.png; sourceTree = "<group>"; };
		78C3B26816592BFB004EA92C /* p3_1.png */ = {isa = PBXFileReference; lastKnownFileType = image.png; path = p3_1.png; sourceTree = "<group>"; };
		78C3B26A16592CD5004EA92C /* p3.png */ = {isa = PBXFileReference; lastKnownFileType = image.png; path = p3.png; sourceTree = "<group>"; };
		78C3B26C16592D91004EA92C /* back_tob.png */ = {isa = PBXFileReference; lastKnownFileType = image.png; path = back_tob.png; sourceTree = "<group>"; };
		78C3B26E16592E2A004EA92C /* p3_2.png */ = {isa = PBXFileReference; lastKnownFileType = image.png; path = p3_2.png; sourceTree = "<group>"; };
		78C3B27016592F61004EA92C /* bg-yematiao.png */ = {isa = PBXFileReference; lastKnownFileType = image.png; path = "bg-yematiao.png"; sourceTree = "<group>"; };
		78C3B27216592FFE004EA92C /* shoucang.png */ = {isa = PBXFileReference; lastKnownFileType = image.png; path = shoucang.png; sourceTree = "<group>"; };
		78C3B27316592FFE004EA92C /* p3_icon5.png */ = {isa = PBXFileReference; lastKnownFileType = image.png; path = p3_icon5.png; sourceTree = "<group>"; };
		78C3B27416592FFE004EA92C /* p3_icon2.png */ = {isa = PBXFileReference; lastKnownFileType = image.png; path = p3_icon2.png; sourceTree = "<group>"; };
		78C3B27516592FFE004EA92C /* p3_icon1.png */ = {isa = PBXFileReference; lastKnownFileType = image.png; path = p3_icon1.png; sourceTree = "<group>"; };
		78C3B27616592FFE004EA92C /* huodong.png */ = {isa = PBXFileReference; lastKnownFileType = image.png; path = huodong.png; sourceTree = "<group>"; };
		78C3B27716592FFE004EA92C /* gonggao.png */ = {isa = PBXFileReference; lastKnownFileType = image.png; path = gonggao.png; sourceTree = "<group>"; };
		78F1DA16163D8AA300FBBA0B /* Totole.app */ = {isa = PBXFileReference; explicitFileType = wrapper.application; includeInIndex = 0; path = Totole.app; sourceTree = BUILT_PRODUCTS_DIR; };
		78F1DA1A163D8AA300FBBA0B /* UIKit.framework */ = {isa = PBXFileReference; lastKnownFileType = wrapper.framework; name = UIKit.framework; path = System/Library/Frameworks/UIKit.framework; sourceTree = SDKROOT; };
		78F1DA1C163D8AA300FBBA0B /* Foundation.framework */ = {isa = PBXFileReference; lastKnownFileType = wrapper.framework; name = Foundation.framework; path = System/Library/Frameworks/Foundation.framework; sourceTree = SDKROOT; };
		78F1DA20163D8AA300FBBA0B /* Totole-Info.plist */ = {isa = PBXFileReference; lastKnownFileType = text.plist.xml; path = "Totole-Info.plist"; sourceTree = "<group>"; };
		78F1DA22163D8AA300FBBA0B /* en */ = {isa = PBXFileReference; lastKnownFileType = text.plist.strings; name = en; path = en.lproj/InfoPlist.strings; sourceTree = "<group>"; };
		78F1DA24163D8AA300FBBA0B /* main.m */ = {isa = PBXFileReference; lastKnownFileType = sourcecode.c.objc; path = main.m; sourceTree = "<group>"; };
		78F1DA26163D8AA300FBBA0B /* Totole-Prefix.pch */ = {isa = PBXFileReference; lastKnownFileType = sourcecode.c.h; path = "Totole-Prefix.pch"; sourceTree = "<group>"; };
		78FEB3841660CB930086ACCF /* register_agree.png */ = {isa = PBXFileReference; lastKnownFileType = image.png; path = register_agree.png; sourceTree = "<group>"; };
		78FEB3851660CB930086ACCF /* register_disagree.png */ = {isa = PBXFileReference; lastKnownFileType = image.png; path = register_disagree.png; sourceTree = "<group>"; };
		9F1D285616625EC00080E96E /* StartView.h */ = {isa = PBXFileReference; fileEncoding = 4; lastKnownFileType = sourcecode.c.h; path = StartView.h; sourceTree = "<group>"; };
		9F1D285716625EC00080E96E /* StartView.m */ = {isa = PBXFileReference; fileEncoding = 4; lastKnownFileType = sourcecode.c.objc; path = StartView.m; sourceTree = "<group>"; };
		9F1D285F166260E40080E96E /* StyledPageControl.h */ = {isa = PBXFileReference; fileEncoding = 4; lastKnownFileType = sourcecode.c.h; path = StyledPageControl.h; sourceTree = "<group>"; };
		9F1D2860166260E40080E96E /* StyledPageControl.m */ = {isa = PBXFileReference; fileEncoding = 4; lastKnownFileType = sourcecode.c.objc; path = StyledPageControl.m; sourceTree = "<group>"; };
		9F1D2862166261810080E96E /* pageControIcon_disable.png */ = {isa = PBXFileReference; lastKnownFileType = image.png; path = pageControIcon_disable.png; sourceTree = "<group>"; };
		9F1D2863166261810080E96E /* pageControIcon_enable.png */ = {isa = PBXFileReference; lastKnownFileType = image.png; path = pageControIcon_enable.png; sourceTree = "<group>"; };
		AF2D39B816645C9F00720690 /* city.plist */ = {isa = PBXFileReference; fileEncoding = 4; lastKnownFileType = text.plist.xml; path = city.plist; sourceTree = "<group>"; };
		AF416AC9165A00AD00FA0846 /* tabbar_home.png */ = {isa = PBXFileReference; lastKnownFileType = image.png; name = tabbar_home.png; path = ../tabbar_home.png; sourceTree = "<group>"; };
		AF416ACA165A00AD00FA0846 /* tabbar_activate.png */ = {isa = PBXFileReference; lastKnownFileType = image.png; name = tabbar_activate.png; path = ../tabbar_activate.png; sourceTree = "<group>"; };
		AF416AD6165A0A1900FA0846 /* tabbar_management.png */ = {isa = PBXFileReference; lastKnownFileType = image.png; name = tabbar_management.png; path = ../tabbar_management.png; sourceTree = "<group>"; };
		AF416AD7165A0A1900FA0846 /* tabbar_announcement.png */ = {isa = PBXFileReference; lastKnownFileType = image.png; name = tabbar_announcement.png; path = ../tabbar_announcement.png; sourceTree = "<group>"; };
		AF416B13165A1F2100FA0846 /* CoreGraphics.framework */ = {isa = PBXFileReference; lastKnownFileType = wrapper.framework; name = CoreGraphics.framework; path = System/Library/Frameworks/CoreGraphics.framework; sourceTree = SDKROOT; };
		AF416B30165A28D400FA0846 /* AppDelegate.h */ = {isa = PBXFileReference; fileEncoding = 4; lastKnownFileType = sourcecode.c.h; path = AppDelegate.h; sourceTree = "<group>"; };
		AF416B31165A28D400FA0846 /* AppDelegate.m */ = {isa = PBXFileReference; fileEncoding = 4; lastKnownFileType = sourcecode.c.objc; path = AppDelegate.m; sourceTree = "<group>"; };
		AF416B57165A293C00FA0846 /* MBProgressHUD.m */ = {isa = PBXFileReference; fileEncoding = 4; lastKnownFileType = sourcecode.c.objc; path = MBProgressHUD.m; sourceTree = "<group>"; };
		AF416B58165A293C00FA0846 /* MBProgressHUD.h */ = {isa = PBXFileReference; fileEncoding = 4; lastKnownFileType = sourcecode.c.h; path = MBProgressHUD.h; sourceTree = "<group>"; };
		AF416B59165A293C00FA0846 /* QInterFace.h */ = {isa = PBXFileReference; fileEncoding = 4; lastKnownFileType = sourcecode.c.h; path = QInterFace.h; sourceTree = "<group>"; };
		AF416B5A165A293C00FA0846 /* QInterFace.m */ = {isa = PBXFileReference; fileEncoding = 4; lastKnownFileType = sourcecode.c.objc; path = QInterFace.m; sourceTree = "<group>"; };
		AF416B5B165A293C00FA0846 /* QNetWorkManage.h */ = {isa = PBXFileReference; fileEncoding = 4; lastKnownFileType = sourcecode.c.h; path = QNetWorkManage.h; sourceTree = "<group>"; };
		AF416B5C165A293C00FA0846 /* QNetWorkManage.m */ = {isa = PBXFileReference; fileEncoding = 4; lastKnownFileType = sourcecode.c.objc; path = QNetWorkManage.m; sourceTree = "<group>"; };
		AF416B5D165A293C00FA0846 /* QNetWorkConfig.h */ = {isa = PBXFileReference; fileEncoding = 4; lastKnownFileType = sourcecode.c.h; path = QNetWorkConfig.h; sourceTree = "<group>"; };
		AF416B61165A299A00FA0846 /* DataSource.h */ = {isa = PBXFileReference; fileEncoding = 4; lastKnownFileType = sourcecode.c.h; path = DataSource.h; sourceTree = "<group>"; };
		AF416B62165A299A00FA0846 /* DataSource.m */ = {isa = PBXFileReference; fileEncoding = 4; lastKnownFileType = sourcecode.c.objc; path = DataSource.m; sourceTree = "<group>"; };
		AF416B65165A2AC800FA0846 /* ASIAuthenticationDialog.h */ = {isa = PBXFileReference; fileEncoding = 4; lastKnownFileType = sourcecode.c.h; path = ASIAuthenticationDialog.h; sourceTree = "<group>"; };
		AF416B66165A2AC800FA0846 /* ASIAuthenticationDialog.m */ = {isa = PBXFileReference; fileEncoding = 4; lastKnownFileType = sourcecode.c.objc; path = ASIAuthenticationDialog.m; sourceTree = "<group>"; };
		AF416B67165A2AC800FA0846 /* ASICacheDelegate.h */ = {isa = PBXFileReference; fileEncoding = 4; lastKnownFileType = sourcecode.c.h; path = ASICacheDelegate.h; sourceTree = "<group>"; };
		AF416B68165A2AC800FA0846 /* ASIDataCompressor.h */ = {isa = PBXFileReference; fileEncoding = 4; lastKnownFileType = sourcecode.c.h; path = ASIDataCompressor.h; sourceTree = "<group>"; };
		AF416B69165A2AC800FA0846 /* ASIDataCompressor.m */ = {isa = PBXFileReference; fileEncoding = 4; lastKnownFileType = sourcecode.c.objc; path = ASIDataCompressor.m; sourceTree = "<group>"; };
		AF416B6A165A2AC800FA0846 /* ASIDataDecompressor.h */ = {isa = PBXFileReference; fileEncoding = 4; lastKnownFileType = sourcecode.c.h; path = ASIDataDecompressor.h; sourceTree = "<group>"; };
		AF416B6B165A2AC800FA0846 /* ASIDataDecompressor.m */ = {isa = PBXFileReference; fileEncoding = 4; lastKnownFileType = sourcecode.c.objc; path = ASIDataDecompressor.m; sourceTree = "<group>"; };
		AF416B6C165A2AC800FA0846 /* ASIDownloadCache.h */ = {isa = PBXFileReference; fileEncoding = 4; lastKnownFileType = sourcecode.c.h; path = ASIDownloadCache.h; sourceTree = "<group>"; };
		AF416B6D165A2AC800FA0846 /* ASIDownloadCache.m */ = {isa = PBXFileReference; fileEncoding = 4; lastKnownFileType = sourcecode.c.objc; path = ASIDownloadCache.m; sourceTree = "<group>"; };
		AF416B6E165A2AC800FA0846 /* ASIFormDataRequest.h */ = {isa = PBXFileReference; fileEncoding = 4; lastKnownFileType = sourcecode.c.h; path = ASIFormDataRequest.h; sourceTree = "<group>"; };
		AF416B6F165A2AC800FA0846 /* ASIFormDataRequest.m */ = {isa = PBXFileReference; fileEncoding = 4; lastKnownFileType = sourcecode.c.objc; path = ASIFormDataRequest.m; sourceTree = "<group>"; };
		AF416B70165A2AC800FA0846 /* ASIHTTPRequest.h */ = {isa = PBXFileReference; fileEncoding = 4; lastKnownFileType = sourcecode.c.h; path = ASIHTTPRequest.h; sourceTree = "<group>"; };
		AF416B71165A2AC800FA0846 /* ASIHTTPRequest.m */ = {isa = PBXFileReference; fileEncoding = 4; lastKnownFileType = sourcecode.c.objc; path = ASIHTTPRequest.m; sourceTree = "<group>"; };
		AF416B72165A2AC800FA0846 /* ASIHTTPRequestConfig.h */ = {isa = PBXFileReference; fileEncoding = 4; lastKnownFileType = sourcecode.c.h; path = ASIHTTPRequestConfig.h; sourceTree = "<group>"; };
		AF416B73165A2AC800FA0846 /* ASIHTTPRequestDelegate.h */ = {isa = PBXFileReference; fileEncoding = 4; lastKnownFileType = sourcecode.c.h; path = ASIHTTPRequestDelegate.h; sourceTree = "<group>"; };
		AF416B74165A2AC800FA0846 /* ASIInputStream.h */ = {isa = PBXFileReference; fileEncoding = 4; lastKnownFileType = sourcecode.c.h; path = ASIInputStream.h; sourceTree = "<group>"; };
		AF416B75165A2AC800FA0846 /* ASIInputStream.m */ = {isa = PBXFileReference; fileEncoding = 4; lastKnownFileType = sourcecode.c.objc; path = ASIInputStream.m; sourceTree = "<group>"; };
		AF416B76165A2AC800FA0846 /* ASINetworkQueue.h */ = {isa = PBXFileReference; fileEncoding = 4; lastKnownFileType = sourcecode.c.h; path = ASINetworkQueue.h; sourceTree = "<group>"; };
		AF416B77165A2AC800FA0846 /* ASINetworkQueue.m */ = {isa = PBXFileReference; fileEncoding = 4; lastKnownFileType = sourcecode.c.objc; path = ASINetworkQueue.m; sourceTree = "<group>"; };
		AF416B78165A2AC800FA0846 /* ASIProgressDelegate.h */ = {isa = PBXFileReference; fileEncoding = 4; lastKnownFileType = sourcecode.c.h; path = ASIProgressDelegate.h; sourceTree = "<group>"; };
		AF416B79165A2AC800FA0846 /* Reachability.h */ = {isa = PBXFileReference; fileEncoding = 4; lastKnownFileType = sourcecode.c.h; path = Reachability.h; sourceTree = "<group>"; };
		AF416B7A165A2AC800FA0846 /* Reachability.m */ = {isa = PBXFileReference; fileEncoding = 4; lastKnownFileType = sourcecode.c.objc; path = Reachability.m; sourceTree = "<group>"; };
		AF416B7C165A2AC900FA0846 /* NSObject+SBJson.h */ = {isa = PBXFileReference; fileEncoding = 4; lastKnownFileType = sourcecode.c.h; path = "NSObject+SBJson.h"; sourceTree = "<group>"; };
		AF416B7D165A2AC900FA0846 /* NSObject+SBJson.m */ = {isa = PBXFileReference; fileEncoding = 4; lastKnownFileType = sourcecode.c.objc; path = "NSObject+SBJson.m"; sourceTree = "<group>"; };
		AF416B7E165A2AC900FA0846 /* SBJson.h */ = {isa = PBXFileReference; fileEncoding = 4; lastKnownFileType = sourcecode.c.h; path = SBJson.h; sourceTree = "<group>"; };
		AF416B7F165A2AC900FA0846 /* SBJsonParser.h */ = {isa = PBXFileReference; fileEncoding = 4; lastKnownFileType = sourcecode.c.h; path = SBJsonParser.h; sourceTree = "<group>"; };
		AF416B80165A2AC900FA0846 /* SBJsonParser.m */ = {isa = PBXFileReference; fileEncoding = 4; lastKnownFileType = sourcecode.c.objc; path = SBJsonParser.m; sourceTree = "<group>"; };
		AF416B81165A2AC900FA0846 /* SBJsonStreamParser.h */ = {isa = PBXFileReference; fileEncoding = 4; lastKnownFileType = sourcecode.c.h; path = SBJsonStreamParser.h; sourceTree = "<group>"; };
		AF416B82165A2AC900FA0846 /* SBJsonStreamParser.m */ = {isa = PBXFileReference; fileEncoding = 4; lastKnownFileType = sourcecode.c.objc; path = SBJsonStreamParser.m; sourceTree = "<group>"; };
		AF416B83165A2AC900FA0846 /* SBJsonStreamParserAccumulator.h */ = {isa = PBXFileReference; fileEncoding = 4; lastKnownFileType = sourcecode.c.h; path = SBJsonStreamParserAccumulator.h; sourceTree = "<group>"; };
		AF416B84165A2AC900FA0846 /* SBJsonStreamParserAccumulator.m */ = {isa = PBXFileReference; fileEncoding = 4; lastKnownFileType = sourcecode.c.objc; path = SBJsonStreamParserAccumulator.m; sourceTree = "<group>"; };
		AF416B85165A2AC900FA0846 /* SBJsonStreamParserAdapter.h */ = {isa = PBXFileReference; fileEncoding = 4; lastKnownFileType = sourcecode.c.h; path = SBJsonStreamParserAdapter.h; sourceTree = "<group>"; };
		AF416B86165A2AC900FA0846 /* SBJsonStreamParserAdapter.m */ = {isa = PBXFileReference; fileEncoding = 4; lastKnownFileType = sourcecode.c.objc; path = SBJsonStreamParserAdapter.m; sourceTree = "<group>"; };
		AF416B87165A2AC900FA0846 /* SBJsonStreamParserState.h */ = {isa = PBXFileReference; fileEncoding = 4; lastKnownFileType = sourcecode.c.h; path = SBJsonStreamParserState.h; sourceTree = "<group>"; };
		AF416B88165A2AC900FA0846 /* SBJsonStreamParserState.m */ = {isa = PBXFileReference; fileEncoding = 4; lastKnownFileType = sourcecode.c.objc; path = SBJsonStreamParserState.m; sourceTree = "<group>"; };
		AF416B89165A2AC900FA0846 /* SBJsonStreamWriter.h */ = {isa = PBXFileReference; fileEncoding = 4; lastKnownFileType = sourcecode.c.h; path = SBJsonStreamWriter.h; sourceTree = "<group>"; };
		AF416B8A165A2AC900FA0846 /* SBJsonStreamWriter.m */ = {isa = PBXFileReference; fileEncoding = 4; lastKnownFileType = sourcecode.c.objc; path = SBJsonStreamWriter.m; sourceTree = "<group>"; };
		AF416B8B165A2AC900FA0846 /* SBJsonStreamWriterAccumulator.h */ = {isa = PBXFileReference; fileEncoding = 4; lastKnownFileType = sourcecode.c.h; path = SBJsonStreamWriterAccumulator.h; sourceTree = "<group>"; };
		AF416B8C165A2AC900FA0846 /* SBJsonStreamWriterAccumulator.m */ = {isa = PBXFileReference; fileEncoding = 4; lastKnownFileType = sourcecode.c.objc; path = SBJsonStreamWriterAccumulator.m; sourceTree = "<group>"; };
		AF416B8D165A2AC900FA0846 /* SBJsonStreamWriterState.h */ = {isa = PBXFileReference; fileEncoding = 4; lastKnownFileType = sourcecode.c.h; path = SBJsonStreamWriterState.h; sourceTree = "<group>"; };
		AF416B8E165A2AC900FA0846 /* SBJsonStreamWriterState.m */ = {isa = PBXFileReference; fileEncoding = 4; lastKnownFileType = sourcecode.c.objc; path = SBJsonStreamWriterState.m; sourceTree = "<group>"; };
		AF416B8F165A2AC900FA0846 /* SBJsonTokeniser.h */ = {isa = PBXFileReference; fileEncoding = 4; lastKnownFileType = sourcecode.c.h; path = SBJsonTokeniser.h; sourceTree = "<group>"; };
		AF416B90165A2AC900FA0846 /* SBJsonTokeniser.m */ = {isa = PBXFileReference; fileEncoding = 4; lastKnownFileType = sourcecode.c.objc; path = SBJsonTokeniser.m; sourceTree = "<group>"; };
		AF416B91165A2AC900FA0846 /* SBJsonUTF8Stream.h */ = {isa = PBXFileReference; fileEncoding = 4; lastKnownFileType = sourcecode.c.h; path = SBJsonUTF8Stream.h; sourceTree = "<group>"; };
		AF416B92165A2AC900FA0846 /* SBJsonUTF8Stream.m */ = {isa = PBXFileReference; fileEncoding = 4; lastKnownFileType = sourcecode.c.objc; path = SBJsonUTF8Stream.m; sourceTree = "<group>"; };
		AF416B93165A2AC900FA0846 /* SBJsonWriter.h */ = {isa = PBXFileReference; fileEncoding = 4; lastKnownFileType = sourcecode.c.h; path = SBJsonWriter.h; sourceTree = "<group>"; };
		AF416B94165A2AC900FA0846 /* SBJsonWriter.m */ = {isa = PBXFileReference; fileEncoding = 4; lastKnownFileType = sourcecode.c.objc; path = SBJsonWriter.m; sourceTree = "<group>"; };
		AF416BAA165A2AEB00FA0846 /* QuartzCore.framework */ = {isa = PBXFileReference; lastKnownFileType = wrapper.framework; name = QuartzCore.framework; path = System/Library/Frameworks/QuartzCore.framework; sourceTree = SDKROOT; };
		AF416BAC165A2AFF00FA0846 /* SystemConfiguration.framework */ = {isa = PBXFileReference; lastKnownFileType = wrapper.framework; name = SystemConfiguration.framework; path = System/Library/Frameworks/SystemConfiguration.framework; sourceTree = SDKROOT; };
		AF416BAE165A2B0C00FA0846 /* CFNetwork.framework */ = {isa = PBXFileReference; lastKnownFileType = wrapper.framework; name = CFNetwork.framework; path = System/Library/Frameworks/CFNetwork.framework; sourceTree = SDKROOT; };
		AF416BB0165A2B1900FA0846 /* MobileCoreServices.framework */ = {isa = PBXFileReference; lastKnownFileType = wrapper.framework; name = MobileCoreServices.framework; path = System/Library/Frameworks/MobileCoreServices.framework; sourceTree = SDKROOT; };
		AF416BB2165A2B2800FA0846 /* libz.dylib */ = {isa = PBXFileReference; lastKnownFileType = "compiled.mach-o.dylib"; name = libz.dylib; path = usr/lib/libz.dylib; sourceTree = SDKROOT; };
		AFDEDB30165C862600EC461A /* RegisterViewController.h */ = {isa = PBXFileReference; fileEncoding = 4; lastKnownFileType = sourcecode.c.h; path = RegisterViewController.h; sourceTree = "<group>"; };
		AFDEDB31165C862600EC461A /* RegisterViewController.m */ = {isa = PBXFileReference; fileEncoding = 4; lastKnownFileType = sourcecode.c.objc; path = RegisterViewController.m; sourceTree = "<group>"; };
		AFDEDB32165C862600EC461A /* RegisterViewController.xib */ = {isa = PBXFileReference; fileEncoding = 4; lastKnownFileType = file.xib; path = RegisterViewController.xib; sourceTree = "<group>"; };
		AFDEDB64165CB97D00EC461A /* ForgotPasswordViewController.h */ = {isa = PBXFileReference; fileEncoding = 4; lastKnownFileType = sourcecode.c.h; path = ForgotPasswordViewController.h; sourceTree = "<group>"; };
		AFDEDB65165CB97D00EC461A /* ForgotPasswordViewController.m */ = {isa = PBXFileReference; fileEncoding = 4; lastKnownFileType = sourcecode.c.objc; path = ForgotPasswordViewController.m; sourceTree = "<group>"; };
		AFDEDB66165CB97D00EC461A /* ForgotPasswordViewController.xib */ = {isa = PBXFileReference; fileEncoding = 4; lastKnownFileType = file.xib; path = ForgotPasswordViewController.xib; sourceTree = "<group>"; };
		AFDEDB67165CB97D00EC461A /* LoginViewController.h */ = {isa = PBXFileReference; fileEncoding = 4; lastKnownFileType = sourcecode.c.h; path = LoginViewController.h; sourceTree = "<group>"; };
		AFDEDB68165CB97D00EC461A /* LoginViewController.m */ = {isa = PBXFileReference; fileEncoding = 4; lastKnownFileType = sourcecode.c.objc; path = LoginViewController.m; sourceTree = "<group>"; };
		AFDEDB69165CB97D00EC461A /* LoginViewController.xib */ = {isa = PBXFileReference; fileEncoding = 4; lastKnownFileType = file.xib; path = LoginViewController.xib; sourceTree = "<group>"; };
		AFDEDB6A165CB97D00EC461A /* RegisterAgreeViewController.h */ = {isa = PBXFileReference; fileEncoding = 4; lastKnownFileType = sourcecode.c.h; path = RegisterAgreeViewController.h; sourceTree = "<group>"; };
		AFDEDB6B165CB97D00EC461A /* RegisterAgreeViewController.m */ = {isa = PBXFileReference; fileEncoding = 4; lastKnownFileType = sourcecode.c.objc; path = RegisterAgreeViewController.m; sourceTree = "<group>"; };
		AFDEDB6C165CB97D00EC461A /* RegisterAgreeViewController.xib */ = {isa = PBXFileReference; fileEncoding = 4; lastKnownFileType = file.xib; path = RegisterAgreeViewController.xib; sourceTree = "<group>"; };
		AFF53ED21663100A00882AFD /* MyFavoritesViewController.h */ = {isa = PBXFileReference; fileEncoding = 4; lastKnownFileType = sourcecode.c.h; path = MyFavoritesViewController.h; sourceTree = "<group>"; };
		AFF53ED31663100A00882AFD /* MyFavoritesViewController.m */ = {isa = PBXFileReference; fileEncoding = 4; lastKnownFileType = sourcecode.c.objc; path = MyFavoritesViewController.m; sourceTree = "<group>"; };
		AFF53ED41663100A00882AFD /* MyFavoritesViewController.xib */ = {isa = PBXFileReference; fileEncoding = 4; lastKnownFileType = file.xib; path = MyFavoritesViewController.xib; sourceTree = "<group>"; };
		AFF53ED81663102800882AFD /* ManagementCenterViewController.h */ = {isa = PBXFileReference; fileEncoding = 4; lastKnownFileType = sourcecode.c.h; path = ManagementCenterViewController.h; sourceTree = "<group>"; };
		AFF53ED91663102800882AFD /* ManagementCenterViewController.m */ = {isa = PBXFileReference; fileEncoding = 4; lastKnownFileType = sourcecode.c.objc; path = ManagementCenterViewController.m; sourceTree = "<group>"; };
		AFF53EDA1663102800882AFD /* ManagementCenterViewController.xib */ = {isa = PBXFileReference; fileEncoding = 4; lastKnownFileType = file.xib; path = ManagementCenterViewController.xib; sourceTree = "<group>"; };
		AFF53EDE1663113F00882AFD /* AnnouncementViewController.h */ = {isa = PBXFileReference; fileEncoding = 4; lastKnownFileType = sourcecode.c.h; path = AnnouncementViewController.h; sourceTree = "<group>"; };
		AFF53EDF1663113F00882AFD /* AnnouncementViewController.m */ = {isa = PBXFileReference; fileEncoding = 4; lastKnownFileType = sourcecode.c.objc; path = AnnouncementViewController.m; sourceTree = "<group>"; };
		AFF53EE01663113F00882AFD /* AnnouncementViewController.xib */ = {isa = PBXFileReference; fileEncoding = 4; lastKnownFileType = file.xib; path = AnnouncementViewController.xib; sourceTree = "<group>"; };
		AFF53EE41663115600882AFD /* ActivityViewController.h */ = {isa = PBXFileReference; fileEncoding = 4; lastKnownFileType = sourcecode.c.h; path = ActivityViewController.h; sourceTree = "<group>"; };
		AFF53EE51663115600882AFD /* ActivityViewController.m */ = {isa = PBXFileReference; fileEncoding = 4; lastKnownFileType = sourcecode.c.objc; path = ActivityViewController.m; sourceTree = "<group>"; };
		AFF53EE61663115600882AFD /* ActivityViewController.xib */ = {isa = PBXFileReference; fileEncoding = 4; lastKnownFileType = file.xib; path = ActivityViewController.xib; sourceTree = "<group>"; };
		AFF53EEA1663116700882AFD /* MallViewController.h */ = {isa = PBXFileReference; fileEncoding = 4; lastKnownFileType = sourcecode.c.h; path = MallViewController.h; sourceTree = "<group>"; };
		AFF53EEB1663116700882AFD /* MallViewController.m */ = {isa = PBXFileReference; fileEncoding = 4; lastKnownFileType = sourcecode.c.objc; path = MallViewController.m; sourceTree = "<group>"; };
		AFF53EEC1663116700882AFD /* MallViewController.xib */ = {isa = PBXFileReference; fileEncoding = 4; lastKnownFileType = file.xib; path = MallViewController.xib; sourceTree = "<group>"; };
		AFF53EF01663117600882AFD /* ActivateViewController.h */ = {isa = PBXFileReference; fileEncoding = 4; lastKnownFileType = sourcecode.c.h; path = ActivateViewController.h; sourceTree = "<group>"; };
		AFF53EF11663117600882AFD /* ActivateViewController.m */ = {isa = PBXFileReference; fileEncoding = 4; lastKnownFileType = sourcecode.c.objc; path = ActivateViewController.m; sourceTree = "<group>"; };
		AFF53EF21663117600882AFD /* ActivateViewController.xib */ = {isa = PBXFileReference; fileEncoding = 4; lastKnownFileType = file.xib; path = ActivateViewController.xib; sourceTree = "<group>"; };
		AFF53EF31663117600882AFD /* ActivationFailsViewController.h */ = {isa = PBXFileReference; fileEncoding = 4; lastKnownFileType = sourcecode.c.h; path = ActivationFailsViewController.h; sourceTree = "<group>"; };
		AFF53EF41663117600882AFD /* ActivationFailsViewController.m */ = {isa = PBXFileReference; fileEncoding = 4; lastKnownFileType = sourcecode.c.objc; path = ActivationFailsViewController.m; sourceTree = "<group>"; };
		AFF53EF51663117600882AFD /* ActivationFailsViewController.xib */ = {isa = PBXFileReference; fileEncoding = 4; lastKnownFileType = file.xib; path = ActivationFailsViewController.xib; sourceTree = "<group>"; };
		AFF53EF61663117600882AFD /* ActivationSuccessfulViewController.h */ = {isa = PBXFileReference; fileEncoding = 4; lastKnownFileType = sourcecode.c.h; path = ActivationSuccessfulViewController.h; sourceTree = "<group>"; };
		AFF53EF71663117600882AFD /* ActivationSuccessfulViewController.m */ = {isa = PBXFileReference; fileEncoding = 4; lastKnownFileType = sourcecode.c.objc; path = ActivationSuccessfulViewController.m; sourceTree = "<group>"; };
		AFF53EF81663117600882AFD /* ActivationSuccessfulViewController.xib */ = {isa = PBXFileReference; fileEncoding = 4; lastKnownFileType = file.xib; path = ActivationSuccessfulViewController.xib; sourceTree = "<group>"; };
		AFF53EF91663117600882AFD /* InputPointsViewController.h */ = {isa = PBXFileReference; fileEncoding = 4; lastKnownFileType = sourcecode.c.h; path = InputPointsViewController.h; sourceTree = "<group>"; };
		AFF53EFA1663117600882AFD /* InputPointsViewController.m */ = {isa = PBXFileReference; fileEncoding = 4; lastKnownFileType = sourcecode.c.objc; path = InputPointsViewController.m; sourceTree = "<group>"; };
		AFF53EFB1663117600882AFD /* InputPointsViewController.xib */ = {isa = PBXFileReference; fileEncoding = 4; lastKnownFileType = file.xib; path = InputPointsViewController.xib; sourceTree = "<group>"; };
		AFF53F051663118300882AFD /* HomeCookViewController.h */ = {isa = PBXFileReference; fileEncoding = 4; lastKnownFileType = sourcecode.c.h; path = HomeCookViewController.h; sourceTree = "<group>"; };
		AFF53F061663118300882AFD /* HomeCookViewController.m */ = {isa = PBXFileReference; fileEncoding = 4; lastKnownFileType = sourcecode.c.objc; path = HomeCookViewController.m; sourceTree = "<group>"; };
		AFF53F071663118300882AFD /* HomeCookViewController.xib */ = {isa = PBXFileReference; fileEncoding = 4; lastKnownFileType = file.xib; path = HomeCookViewController.xib; sourceTree = "<group>"; };
		AFF53F081663118300882AFD /* HomeViewController.h */ = {isa = PBXFileReference; fileEncoding = 4; lastKnownFileType = sourcecode.c.h; path = HomeViewController.h; sourceTree = "<group>"; };
		AFF53F091663118300882AFD /* HomeViewController.m */ = {isa = PBXFileReference; fileEncoding = 4; lastKnownFileType = sourcecode.c.objc; path = HomeViewController.m; sourceTree = "<group>"; };
		AFF53F0A1663118300882AFD /* HomeViewController.xib */ = {isa = PBXFileReference; fileEncoding = 4; lastKnownFileType = file.xib; path = HomeViewController.xib; sourceTree = "<group>"; };
		AFF53F131663161E00882AFD /* MoreViewController.h */ = {isa = PBXFileReference; fileEncoding = 4; lastKnownFileType = sourcecode.c.h; path = MoreViewController.h; sourceTree = "<group>"; };
		AFF53F141663161E00882AFD /* MoreViewController.m */ = {isa = PBXFileReference; fileEncoding = 4; lastKnownFileType = sourcecode.c.objc; path = MoreViewController.m; sourceTree = "<group>"; };
		AFF53F151663161E00882AFD /* MoreViewController.xib */ = {isa = PBXFileReference; fileEncoding = 4; lastKnownFileType = file.xib; path = MoreViewController.xib; sourceTree = "<group>"; };
		AFFD58C2165CE5EF00DCFED4 /* back.png */ = {isa = PBXFileReference; lastKnownFileType = image.png; path = back.png; sourceTree = "<group>"; };
		AFFD58C3165CE5EF00DCFED4 /* firstLogin_1.png */ = {isa = PBXFileReference; lastKnownFileType = image.png; path = firstLogin_1.png; sourceTree = "<group>"; };
		AFFD58C4165CE5EF00DCFED4 /* firstLogin_2.png */ = {isa = PBXFileReference; lastKnownFileType = image.png; path = firstLogin_2.png; sourceTree = "<group>"; };
		AFFD58C5165CE5EF00DCFED4 /* firstLogin_3.png */ = {isa = PBXFileReference; lastKnownFileType = image.png; path = firstLogin_3.png; sourceTree = "<group>"; };
		AFFD58C6165CE5EF00DCFED4 /* forgotPassword_cancle.png */ = {isa = PBXFileReference; lastKnownFileType = image.png; path = forgotPassword_cancle.png; sourceTree = "<group>"; };
		AFFD58C7165CE5EF00DCFED4 /* forgotPassword_submit.png */ = {isa = PBXFileReference; lastKnownFileType = image.png; path = forgotPassword_submit.png; sourceTree = "<group>"; };
		AFFD58C8165CE5EF00DCFED4 /* login_forgotPassBackground.png */ = {isa = PBXFileReference; lastKnownFileType = image.png; path = login_forgotPassBackground.png; sourceTree = "<group>"; };
		AFFD58C9165CE5EF00DCFED4 /* login_login.png */ = {isa = PBXFileReference; lastKnownFileType = image.png; path = login_login.png; sourceTree = "<group>"; };
		AFFD58CA165CE5EF00DCFED4 /* login_pickButton.png */ = {isa = PBXFileReference; lastKnownFileType = image.png; path = login_pickButton.png; sourceTree = "<group>"; };
		AFFD58CB165CE5EF00DCFED4 /* login_Remember me.png */ = {isa = PBXFileReference; lastKnownFileType = image.png; path = "login_Remember me.png"; sourceTree = "<group>"; };
		AFFD58CC165CE5EF00DCFED4 /* login_RememberOut.png */ = {isa = PBXFileReference; lastKnownFileType = image.png; path = login_RememberOut.png; sourceTree = "<group>"; };
		AFFD58CD165CE5EF00DCFED4 /* login_reset.png */ = {isa = PBXFileReference; lastKnownFileType = image.png; path = login_reset.png; sourceTree = "<group>"; };
		AFFD58CE165CE5EF00DCFED4 /* login_selectIn.png */ = {isa = PBXFileReference; lastKnownFileType = image.png; path = login_selectIn.png; sourceTree = "<group>"; };
		AFFD58CF165CE5EF00DCFED4 /* login_selectOut.png */ = {isa = PBXFileReference; lastKnownFileType = image.png; path = login_selectOut.png; sourceTree = "<group>"; };
		AFFD58D0165CE5EF00DCFED4 /* login_welcome.png */ = {isa = PBXFileReference; lastKnownFileType = image.png; path = login_welcome.png; sourceTree = "<group>"; };
		AFFD58D1165CE5EF00DCFED4 /* register_DownBigBox.png */ = {isa = PBXFileReference; lastKnownFileType = image.png; path = register_DownBigBox.png; sourceTree = "<group>"; };
		AFFD58D2165CE5EF00DCFED4 /* register_DownLittleBox.png */ = {isa = PBXFileReference; lastKnownFileType = image.png; path = register_DownLittleBox.png; sourceTree = "<group>"; };
		AFFD58D3165CE5EF00DCFED4 /* register_register.png */ = {isa = PBXFileReference; lastKnownFileType = image.png; path = register_register.png; sourceTree = "<group>"; };
		AFFD58E8165CE66E00DCFED4 /* top_bar.png */ = {isa = PBXFileReference; lastKnownFileType = image.png; path = top_bar.png; sourceTree = "<group>"; };
/* End PBXFileReference section */

/* Begin PBXFrameworksBuildPhase section */
		78F1DA13163D8AA300FBBA0B /* Frameworks */ = {
			isa = PBXFrameworksBuildPhase;
			buildActionMask = 2147483647;
			files = (
				AF416BB3165A2B2800FA0846 /* libz.dylib in Frameworks */,
				AF416BB1165A2B1900FA0846 /* MobileCoreServices.framework in Frameworks */,
				AF416BAF165A2B0C00FA0846 /* CFNetwork.framework in Frameworks */,
				AF416BAD165A2B0000FA0846 /* SystemConfiguration.framework in Frameworks */,
				AF416BAB165A2AEB00FA0846 /* QuartzCore.framework in Frameworks */,
				AF416B14165A1F2100FA0846 /* CoreGraphics.framework in Frameworks */,
				78F1DA1B163D8AA300FBBA0B /* UIKit.framework in Frameworks */,
				78F1DA1D163D8AA300FBBA0B /* Foundation.framework in Frameworks */,
			);
			runOnlyForDeploymentPostprocessing = 0;
		};
/* End PBXFrameworksBuildPhase section */

/* Begin PBXGroup section */
		78F1DA0B163D8AA300FBBA0B = {
			isa = PBXGroup;
			children = (
				78F1DA1E163D8AA300FBBA0B /* Totole */,
				78F1DA19163D8AA300FBBA0B /* Frameworks */,
				78F1DA17163D8AA300FBBA0B /* Products */,
			);
			sourceTree = "<group>";
		};
		78F1DA17163D8AA300FBBA0B /* Products */ = {
			isa = PBXGroup;
			children = (
				78F1DA16163D8AA300FBBA0B /* Totole.app */,
			);
			name = Products;
			sourceTree = "<group>";
		};
		78F1DA19163D8AA300FBBA0B /* Frameworks */ = {
			isa = PBXGroup;
			children = (
				AF416BB2165A2B2800FA0846 /* libz.dylib */,
				AF416BB0165A2B1900FA0846 /* MobileCoreServices.framework */,
				AF416BAE165A2B0C00FA0846 /* CFNetwork.framework */,
				AF416BAC165A2AFF00FA0846 /* SystemConfiguration.framework */,
				AF416BAA165A2AEB00FA0846 /* QuartzCore.framework */,
				AF416B13165A1F2100FA0846 /* CoreGraphics.framework */,
				78F1DA1A163D8AA300FBBA0B /* UIKit.framework */,
				78F1DA1C163D8AA300FBBA0B /* Foundation.framework */,
			);
			name = Frameworks;
			sourceTree = "<group>";
		};
		78F1DA1E163D8AA300FBBA0B /* Totole */ = {
			isa = PBXGroup;
			children = (
				AF416B30165A28D400FA0846 /* AppDelegate.h */,
				AF416B31165A28D400FA0846 /* AppDelegate.m */,
				AF416B61165A299A00FA0846 /* DataSource.h */,
				AF416B62165A299A00FA0846 /* DataSource.m */,
				9F1D285E166260E40080E96E /* UItitlView */,
				AFDEDB29165C862600EC461A /* Login */,
				AFF53F041663118300882AFD /* Home */,
				AFF53EEF1663117600882AFD /* Activate */,
				AFF53EE91663116700882AFD /* Mall */,
				AFF53EE31663115600882AFD /* Activity */,
				AFF53F121663160500882AFD /* More */,
				AFF53EDD1663113F00882AFD /* Announcement */,
				AFF53ED71663102800882AFD /* Management */,
				AFF53ED11663100A00882AFD /* MyFavorites */,
				AF416B48165A28FA00FA0846 /* Model */,
				78F1DA67163D9C6D00FBBA0B /* Photo */,
				78F1DA1F163D8AA300FBBA0B /* Supporting Files */,
			);
			path = Totole;
			sourceTree = "<group>";
		};
		78F1DA1F163D8AA300FBBA0B /* Supporting Files */ = {
			isa = PBXGroup;
			children = (
				78F1DA20163D8AA300FBBA0B /* Totole-Info.plist */,
				78F1DA21163D8AA300FBBA0B /* InfoPlist.strings */,
				78F1DA24163D8AA300FBBA0B /* main.m */,
				78F1DA26163D8AA300FBBA0B /* Totole-Prefix.pch */,
			);
			name = "Supporting Files";
			sourceTree = "<group>";
		};
		78F1DA67163D9C6D00FBBA0B /* Photo */ = {
			isa = PBXGroup;
			children = (
				AFFD58C1165CE5EE00DCFED4 /* login */,
				78C3B27216592FFE004EA92C /* shoucang.png */,
				78C3B27316592FFE004EA92C /* p3_icon5.png */,
				78C3B27416592FFE004EA92C /* p3_icon2.png */,
				78C3B27516592FFE004EA92C /* p3_icon1.png */,
				78C3B27616592FFE004EA92C /* huodong.png */,
				78C3B27716592FFE004EA92C /* gonggao.png */,
				78C3B27016592F61004EA92C /* bg-yematiao.png */,
				78C3B26E16592E2A004EA92C /* p3_2.png */,
				78C3B26C16592D91004EA92C /* back_tob.png */,
				78C3B26A16592CD5004EA92C /* p3.png */,
				78C3B26816592BFB004EA92C /* p3_1.png */,
			);
			path = Photo;
			sourceTree = "<group>";
		};
		9F1D285E166260E40080E96E /* UItitlView */ = {
			isa = PBXGroup;
			children = (
				9F1D285F166260E40080E96E /* StyledPageControl.h */,
				9F1D2860166260E40080E96E /* StyledPageControl.m */,
			);
			path = UItitlView;
			sourceTree = "<group>";
		};
		AF416B48165A28FA00FA0846 /* Model */ = {
			isa = PBXGroup;
			children = (
				AF2D39B816645C9F00720690 /* city.plist */,
				AF416B64165A2AC800FA0846 /* ASI */,
				AF416B7B165A2AC800FA0846 /* SBJSON */,
				AF416B58165A293C00FA0846 /* MBProgressHUD.h */,
				AF416B57165A293C00FA0846 /* MBProgressHUD.m */,
				AF416B59165A293C00FA0846 /* QInterFace.h */,
				AF416B5A165A293C00FA0846 /* QInterFace.m */,
				AF416B5B165A293C00FA0846 /* QNetWorkManage.h */,
				AF416B5C165A293C00FA0846 /* QNetWorkManage.m */,
				AF416B5D165A293C00FA0846 /* QNetWorkConfig.h */,
			);
			path = Model;
			sourceTree = "<group>";
		};
		AF416B64165A2AC800FA0846 /* ASI */ = {
			isa = PBXGroup;
			children = (
				AF416B65165A2AC800FA0846 /* ASIAuthenticationDialog.h */,
				AF416B66165A2AC800FA0846 /* ASIAuthenticationDialog.m */,
				AF416B67165A2AC800FA0846 /* ASICacheDelegate.h */,
				AF416B68165A2AC800FA0846 /* ASIDataCompressor.h */,
				AF416B69165A2AC800FA0846 /* ASIDataCompressor.m */,
				AF416B6A165A2AC800FA0846 /* ASIDataDecompressor.h */,
				AF416B6B165A2AC800FA0846 /* ASIDataDecompressor.m */,
				AF416B6C165A2AC800FA0846 /* ASIDownloadCache.h */,
				AF416B6D165A2AC800FA0846 /* ASIDownloadCache.m */,
				AF416B6E165A2AC800FA0846 /* ASIFormDataRequest.h */,
				AF416B6F165A2AC800FA0846 /* ASIFormDataRequest.m */,
				AF416B70165A2AC800FA0846 /* ASIHTTPRequest.h */,
				AF416B71165A2AC800FA0846 /* ASIHTTPRequest.m */,
				AF416B72165A2AC800FA0846 /* ASIHTTPRequestConfig.h */,
				AF416B73165A2AC800FA0846 /* ASIHTTPRequestDelegate.h */,
				AF416B74165A2AC800FA0846 /* ASIInputStream.h */,
				AF416B75165A2AC800FA0846 /* ASIInputStream.m */,
				AF416B76165A2AC800FA0846 /* ASINetworkQueue.h */,
				AF416B77165A2AC800FA0846 /* ASINetworkQueue.m */,
				AF416B78165A2AC800FA0846 /* ASIProgressDelegate.h */,
				AF416B79165A2AC800FA0846 /* Reachability.h */,
				AF416B7A165A2AC800FA0846 /* Reachability.m */,
			);
			path = ASI;
			sourceTree = "<group>";
		};
		AF416B7B165A2AC800FA0846 /* SBJSON */ = {
			isa = PBXGroup;
			children = (
				AF416B7C165A2AC900FA0846 /* NSObject+SBJson.h */,
				AF416B7D165A2AC900FA0846 /* NSObject+SBJson.m */,
				AF416B7E165A2AC900FA0846 /* SBJson.h */,
				AF416B7F165A2AC900FA0846 /* SBJsonParser.h */,
				AF416B80165A2AC900FA0846 /* SBJsonParser.m */,
				AF416B81165A2AC900FA0846 /* SBJsonStreamParser.h */,
				AF416B82165A2AC900FA0846 /* SBJsonStreamParser.m */,
				AF416B83165A2AC900FA0846 /* SBJsonStreamParserAccumulator.h */,
				AF416B84165A2AC900FA0846 /* SBJsonStreamParserAccumulator.m */,
				AF416B85165A2AC900FA0846 /* SBJsonStreamParserAdapter.h */,
				AF416B86165A2AC900FA0846 /* SBJsonStreamParserAdapter.m */,
				AF416B87165A2AC900FA0846 /* SBJsonStreamParserState.h */,
				AF416B88165A2AC900FA0846 /* SBJsonStreamParserState.m */,
				AF416B89165A2AC900FA0846 /* SBJsonStreamWriter.h */,
				AF416B8A165A2AC900FA0846 /* SBJsonStreamWriter.m */,
				AF416B8B165A2AC900FA0846 /* SBJsonStreamWriterAccumulator.h */,
				AF416B8C165A2AC900FA0846 /* SBJsonStreamWriterAccumulator.m */,
				AF416B8D165A2AC900FA0846 /* SBJsonStreamWriterState.h */,
				AF416B8E165A2AC900FA0846 /* SBJsonStreamWriterState.m */,
				AF416B8F165A2AC900FA0846 /* SBJsonTokeniser.h */,
				AF416B90165A2AC900FA0846 /* SBJsonTokeniser.m */,
				AF416B91165A2AC900FA0846 /* SBJsonUTF8Stream.h */,
				AF416B92165A2AC900FA0846 /* SBJsonUTF8Stream.m */,
				AF416B93165A2AC900FA0846 /* SBJsonWriter.h */,
				AF416B94165A2AC900FA0846 /* SBJsonWriter.m */,
			);
			path = SBJSON;
			sourceTree = "<group>";
		};
		AFDEDB29165C862600EC461A /* Login */ = {
			isa = PBXGroup;
			children = (
				AFDEDB67165CB97D00EC461A /* LoginViewController.h */,
				AFDEDB68165CB97D00EC461A /* LoginViewController.m */,
				AFDEDB69165CB97D00EC461A /* LoginViewController.xib */,
				AFDEDB30165C862600EC461A /* RegisterViewController.h */,
				AFDEDB31165C862600EC461A /* RegisterViewController.m */,
				AFDEDB32165C862600EC461A /* RegisterViewController.xib */,
				7870AF2116626FD400255A96 /* CookPersonal_TableView.h */,
				7870AF2216626FD400255A96 /* CookPersonal_TableView.m */,
				AFDEDB6A165CB97D00EC461A /* RegisterAgreeViewController.h */,
				AFDEDB6B165CB97D00EC461A /* RegisterAgreeViewController.m */,
				AFDEDB6C165CB97D00EC461A /* RegisterAgreeViewController.xib */,
				AFDEDB64165CB97D00EC461A /* ForgotPasswordViewController.h */,
				AFDEDB65165CB97D00EC461A /* ForgotPasswordViewController.m */,
				AFDEDB66165CB97D00EC461A /* ForgotPasswordViewController.xib */,
				9F1D285616625EC00080E96E /* StartView.h */,
				9F1D285716625EC00080E96E /* StartView.m */,
			);
			name = Login;
			path = Controller/Login;
			sourceTree = "<group>";
		};
		AFF53ED11663100A00882AFD /* MyFavorites */ = {
			isa = PBXGroup;
			children = (
				AFF53ED21663100A00882AFD /* MyFavoritesViewController.h */,
				AFF53ED31663100A00882AFD /* MyFavoritesViewController.m */,
				AFF53ED41663100A00882AFD /* MyFavoritesViewController.xib */,
			);
			name = MyFavorites;
			path = Controller/MyFavorites;
			sourceTree = "<group>";
		};
		AFF53ED71663102800882AFD /* Management */ = {
			isa = PBXGroup;
			children = (
				AFF53ED81663102800882AFD /* ManagementCenterViewController.h */,
				AFF53ED91663102800882AFD /* ManagementCenterViewController.m */,
				AFF53EDA1663102800882AFD /* ManagementCenterViewController.xib */,
			);
			name = Management;
			path = Controller/Management;
			sourceTree = "<group>";
		};
		AFF53EDD1663113F00882AFD /* Announcement */ = {
			isa = PBXGroup;
			children = (
				AFF53EDE1663113F00882AFD /* AnnouncementViewController.h */,
				AFF53EDF1663113F00882AFD /* AnnouncementViewController.m */,
				AFF53EE01663113F00882AFD /* AnnouncementViewController.xib */,
			);
			name = Announcement;
			path = Controller/Announcement;
			sourceTree = "<group>";
		};
		AFF53EE31663115600882AFD /* Activity */ = {
			isa = PBXGroup;
			children = (
				AFF53EE41663115600882AFD /* ActivityViewController.h */,
				AFF53EE51663115600882AFD /* ActivityViewController.m */,
				AFF53EE61663115600882AFD /* ActivityViewController.xib */,
			);
			name = Activity;
			path = Controller/Activity;
			sourceTree = "<group>";
		};
		AFF53EE91663116700882AFD /* Mall */ = {
			isa = PBXGroup;
			children = (
				AFF53EEA1663116700882AFD /* MallViewController.h */,
				AFF53EEB1663116700882AFD /* MallViewController.m */,
				AFF53EEC1663116700882AFD /* MallViewController.xib */,
			);
			name = Mall;
			path = Controller/Mall;
			sourceTree = "<group>";
		};
		AFF53EEF1663117600882AFD /* Activate */ = {
			isa = PBXGroup;
			children = (
				AFF53EF01663117600882AFD /* ActivateViewController.h */,
				AFF53EF11663117600882AFD /* ActivateViewController.m */,
				AFF53EF21663117600882AFD /* ActivateViewController.xib */,
				AFF53EF31663117600882AFD /* ActivationFailsViewController.h */,
				AFF53EF41663117600882AFD /* ActivationFailsViewController.m */,
				AFF53EF51663117600882AFD /* ActivationFailsViewController.xib */,
				AFF53EF61663117600882AFD /* ActivationSuccessfulViewController.h */,
				AFF53EF71663117600882AFD /* ActivationSuccessfulViewController.m */,
				AFF53EF81663117600882AFD /* ActivationSuccessfulViewController.xib */,
				AFF53EF91663117600882AFD /* InputPointsViewController.h */,
				AFF53EFA1663117600882AFD /* InputPointsViewController.m */,
				AFF53EFB1663117600882AFD /* InputPointsViewController.xib */,
			);
			name = Activate;
			path = Controller/Activate;
			sourceTree = "<group>";
		};
		AFF53F041663118300882AFD /* Home */ = {
			isa = PBXGroup;
			children = (
				AFF53F081663118300882AFD /* HomeViewController.h */,
				AFF53F091663118300882AFD /* HomeViewController.m */,
				AFF53F0A1663118300882AFD /* HomeViewController.xib */,
				AFF53F051663118300882AFD /* HomeCookViewController.h */,
				AFF53F061663118300882AFD /* HomeCookViewController.m */,
				AFF53F071663118300882AFD /* HomeCookViewController.xib */,
			);
			name = Home;
			path = Controller/Home;
			sourceTree = "<group>";
		};
		AFF53F121663160500882AFD /* More */ = {
			isa = PBXGroup;
			children = (
				AFF53F131663161E00882AFD /* MoreViewController.h */,
				AFF53F141663161E00882AFD /* MoreViewController.m */,
				AFF53F151663161E00882AFD /* MoreViewController.xib */,
			);
			name = More;
			path = Controller/More;
			sourceTree = "<group>";
		};
		AFFD58C1165CE5EE00DCFED4 /* login */ = {
			isa = PBXGroup;
			children = (
				9F1D2862166261810080E96E /* pageControIcon_disable.png */,
				9F1D2863166261810080E96E /* pageControIcon_enable.png */,
				7853FF59165D1F6A00E85C4C /* tabbar_myfavorites.png */,
				AF416AD6165A0A1900FA0846 /* tabbar_management.png */,
				AF416AD7165A0A1900FA0846 /* tabbar_announcement.png */,
				AF416AC9165A00AD00FA0846 /* tabbar_home.png */,
				AF416ACA165A00AD00FA0846 /* tabbar_activate.png */,
				7853FF55165D1E7600E85C4C /* tabbar_mall.png */,
				78BD091D1663AA7C00006E4E /* tabbar_more.png */,
				7853FF57165D1EE600E85C4C /* tabbar_activity.png */,
				AFFD58C2165CE5EF00DCFED4 /* back.png */,
				AFFD58C3165CE5EF00DCFED4 /* firstLogin_1.png */,
				AFFD58C4165CE5EF00DCFED4 /* firstLogin_2.png */,
				AFFD58C5165CE5EF00DCFED4 /* firstLogin_3.png */,
				AFFD58C6165CE5EF00DCFED4 /* forgotPassword_cancle.png */,
				AFFD58C7165CE5EF00DCFED4 /* forgotPassword_submit.png */,
				AFFD58C8165CE5EF00DCFED4 /* login_forgotPassBackground.png */,
				7853FF5B165D20E900E85C4C /* login_infoBack.png */,
				AFFD58C9165CE5EF00DCFED4 /* login_login.png */,
				AFFD58CA165CE5EF00DCFED4 /* login_pickButton.png */,
				AFFD58CB165CE5EF00DCFED4 /* login_Remember me.png */,
				AFFD58CC165CE5EF00DCFED4 /* login_RememberOut.png */,
				AFFD58CD165CE5EF00DCFED4 /* login_reset.png */,
				AFFD58CE165CE5EF00DCFED4 /* login_selectIn.png */,
				AFFD58CF165CE5EF00DCFED4 /* login_selectOut.png */,
				AFFD58D0165CE5EF00DCFED4 /* login_welcome.png */,
				AFFD58D1165CE5EF00DCFED4 /* register_DownBigBox.png */,
				AFFD58D2165CE5EF00DCFED4 /* register_DownLittleBox.png */,
				AFFD58D3165CE5EF00DCFED4 /* register_register.png */,
				7853FF5D165D242E00E85C4C /* register_cookNomal.png */,
				7853FF5E165D243000E85C4C /* register_cookSelect.png */,
				7853FF5F165D243200E85C4C /* register_HotelNomal.png */,
				7853FF60165D243500E85C4C /* register_HotelSelect.png */,
				78FEB3841660CB930086ACCF /* register_agree.png */,
				78FEB3851660CB930086ACCF /* register_disagree.png */,
				AFFD58E8165CE66E00DCFED4 /* top_bar.png */,
			);
			path = login;
			sourceTree = "<group>";
		};
/* End PBXGroup section */

/* Begin PBXNativeTarget section */
		78F1DA15163D8AA300FBBA0B /* Totole */ = {
			isa = PBXNativeTarget;
			buildConfigurationList = 78F1DA2C163D8AA300FBBA0B /* Build configuration list for PBXNativeTarget "Totole" */;
			buildPhases = (
				78F1DA12163D8AA300FBBA0B /* Sources */,
				78F1DA13163D8AA300FBBA0B /* Frameworks */,
				78F1DA14163D8AA300FBBA0B /* Resources */,
			);
			buildRules = (
			);
			dependencies = (
			);
			name = Totole;
			productName = Totole;
			productReference = 78F1DA16163D8AA300FBBA0B /* Totole.app */;
			productType = "com.apple.product-type.application";
		};
/* End PBXNativeTarget section */

/* Begin PBXProject section */
		78F1DA0D163D8AA300FBBA0B /* Project object */ = {
			isa = PBXProject;
			attributes = {
				LastUpgradeCheck = 0420;
			};
			buildConfigurationList = 78F1DA10163D8AA300FBBA0B /* Build configuration list for PBXProject "Totole" */;
			compatibilityVersion = "Xcode 3.2";
			developmentRegion = English;
			hasScannedForEncodings = 0;
			knownRegions = (
				en,
			);
			mainGroup = 78F1DA0B163D8AA300FBBA0B;
			productRefGroup = 78F1DA17163D8AA300FBBA0B /* Products */;
			projectDirPath = "";
			projectRoot = "";
			targets = (
				78F1DA15163D8AA300FBBA0B /* Totole */,
			);
		};
/* End PBXProject section */

/* Begin PBXResourcesBuildPhase section */
		78F1DA14163D8AA300FBBA0B /* Resources */ = {
			isa = PBXResourcesBuildPhase;
			buildActionMask = 2147483647;
			files = (
				78F1DA23163D8AA300FBBA0B /* InfoPlist.strings in Resources */,
				78C3B26916592BFB004EA92C /* p3_1.png in Resources */,
				78C3B26B16592CD5004EA92C /* p3.png in Resources */,
				78C3B26D16592D91004EA92C /* back_tob.png in Resources */,
				78C3B26F16592E2A004EA92C /* p3_2.png in Resources */,
				78C3B27116592F61004EA92C /* bg-yematiao.png in Resources */,
				78C3B27816592FFF004EA92C /* shoucang.png in Resources */,
				78C3B27916592FFF004EA92C /* p3_icon5.png in Resources */,
				78C3B27A16592FFF004EA92C /* p3_icon2.png in Resources */,
				78C3B27B16592FFF004EA92C /* p3_icon1.png in Resources */,
				78C3B27C16592FFF004EA92C /* huodong.png in Resources */,
				78C3B27D16592FFF004EA92C /* gonggao.png in Resources */,
				AF416ACD165A00AE00FA0846 /* tabbar_home.png in Resources */,
				AF416ACE165A00AE00FA0846 /* tabbar_activate.png in Resources */,
				AF416AD9165A0A1900FA0846 /* tabbar_management.png in Resources */,
				AF416ADA165A0A1900FA0846 /* tabbar_announcement.png in Resources */,
				AFDEDB38165C862600EC461A /* RegisterViewController.xib in Resources */,
				AFDEDB6E165CB97D00EC461A /* ForgotPasswordViewController.xib in Resources */,
				AFDEDB70165CB97D00EC461A /* LoginViewController.xib in Resources */,
				AFDEDB72165CB97D00EC461A /* RegisterAgreeViewController.xib in Resources */,
				AFFD58D5165CE5EF00DCFED4 /* back.png in Resources */,
				AFFD58D6165CE5EF00DCFED4 /* firstLogin_1.png in Resources */,
				AFFD58D7165CE5EF00DCFED4 /* firstLogin_2.png in Resources */,
				AFFD58D8165CE5EF00DCFED4 /* firstLogin_3.png in Resources */,
				AFFD58D9165CE5EF00DCFED4 /* forgotPassword_cancle.png in Resources */,
				AFFD58DA165CE5EF00DCFED4 /* forgotPassword_submit.png in Resources */,
				AFFD58DB165CE5EF00DCFED4 /* login_forgotPassBackground.png in Resources */,
				AFFD58DC165CE5EF00DCFED4 /* login_login.png in Resources */,
				AFFD58DD165CE5EF00DCFED4 /* login_pickButton.png in Resources */,
				AFFD58DE165CE5EF00DCFED4 /* login_Remember me.png in Resources */,
				AFFD58DF165CE5EF00DCFED4 /* login_RememberOut.png in Resources */,
				AFFD58E0165CE5EF00DCFED4 /* login_reset.png in Resources */,
				AFFD58E1165CE5EF00DCFED4 /* login_selectIn.png in Resources */,
				AFFD58E2165CE5EF00DCFED4 /* login_selectOut.png in Resources */,
				AFFD58E3165CE5EF00DCFED4 /* login_welcome.png in Resources */,
				AFFD58E4165CE5EF00DCFED4 /* register_DownBigBox.png in Resources */,
				AFFD58E5165CE5EF00DCFED4 /* register_DownLittleBox.png in Resources */,
				AFFD58E6165CE5EF00DCFED4 /* register_register.png in Resources */,
				AFFD58E9165CE66E00DCFED4 /* top_bar.png in Resources */,
				7853FF56165D1E7A00E85C4C /* tabbar_mall.png in Resources */,
				7853FF58165D1EE800E85C4C /* tabbar_activity.png in Resources */,
				7853FF5A165D1F6C00E85C4C /* tabbar_myfavorites.png in Resources */,
				7853FF5C165D20EB00E85C4C /* login_infoBack.png in Resources */,
				7853FF61165D243700E85C4C /* register_cookNomal.png in Resources */,
				7853FF62165D243700E85C4C /* register_cookSelect.png in Resources */,
				7853FF63165D243700E85C4C /* register_HotelNomal.png in Resources */,
				7853FF64165D243700E85C4C /* register_HotelSelect.png in Resources */,
				78FEB3861660CB940086ACCF /* register_agree.png in Resources */,
				78FEB3871660CB940086ACCF /* register_disagree.png in Resources */,
				9F1D2864166261810080E96E /* pageControIcon_disable.png in Resources */,
				9F1D2865166261810080E96E /* pageControIcon_enable.png in Resources */,
				AFF53ED61663100A00882AFD /* MyFavoritesViewController.xib in Resources */,
				AFF53EDC1663102800882AFD /* ManagementCenterViewController.xib in Resources */,
				AFF53EE21663113F00882AFD /* AnnouncementViewController.xib in Resources */,
				AFF53EE81663115600882AFD /* ActivityViewController.xib in Resources */,
				AFF53EEE1663116700882AFD /* MallViewController.xib in Resources */,
				AFF53EFD1663117600882AFD /* ActivateViewController.xib in Resources */,
				AFF53EFF1663117600882AFD /* ActivationFailsViewController.xib in Resources */,
				AFF53F011663117600882AFD /* ActivationSuccessfulViewController.xib in Resources */,
				AFF53F031663117600882AFD /* InputPointsViewController.xib in Resources */,
				AFF53F0C1663118300882AFD /* HomeCookViewController.xib in Resources */,
				AFF53F0E1663118300882AFD /* HomeViewController.xib in Resources */,
				AFF53F171663161E00882AFD /* MoreViewController.xib in Resources */,
				78BD091E1663AA7C00006E4E /* tabbar_more.png in Resources */,
				AF2D39B916645C9F00720690 /* city.plist in Resources */,
			);
			runOnlyForDeploymentPostprocessing = 0;
		};
/* End PBXResourcesBuildPhase section */

/* Begin PBXSourcesBuildPhase section */
		78F1DA12163D8AA300FBBA0B /* Sources */ = {
			isa = PBXSourcesBuildPhase;
			buildActionMask = 2147483647;
			files = (
				78F1DA25163D8AA300FBBA0B /* main.m in Sources */,
				AF416B38165A28D400FA0846 /* AppDelegate.m in Sources */,
				AF416B5E165A293C00FA0846 /* MBProgressHUD.m in Sources */,
				AF416B5F165A293C00FA0846 /* QInterFace.m in Sources */,
				AF416B60165A293C00FA0846 /* QNetWorkManage.m in Sources */,
				AF416B63165A299A00FA0846 /* DataSource.m in Sources */,
				AF416B95165A2AC900FA0846 /* ASIAuthenticationDialog.m in Sources */,
				AF416B96165A2AC900FA0846 /* ASIDataCompressor.m in Sources */,
				AF416B97165A2AC900FA0846 /* ASIDataDecompressor.m in Sources */,
				AF416B98165A2AC900FA0846 /* ASIDownloadCache.m in Sources */,
				AF416B99165A2AC900FA0846 /* ASIFormDataRequest.m in Sources */,
				AF416B9A165A2AC900FA0846 /* ASIHTTPRequest.m in Sources */,
				AF416B9B165A2AC900FA0846 /* ASIInputStream.m in Sources */,
				AF416B9C165A2AC900FA0846 /* ASINetworkQueue.m in Sources */,
				AF416B9D165A2AC900FA0846 /* Reachability.m in Sources */,
				AF416B9E165A2AC900FA0846 /* NSObject+SBJson.m in Sources */,
				AF416B9F165A2AC900FA0846 /* SBJsonParser.m in Sources */,
				AF416BA0165A2AC900FA0846 /* SBJsonStreamParser.m in Sources */,
				AF416BA1165A2AC900FA0846 /* SBJsonStreamParserAccumulator.m in Sources */,
				AF416BA2165A2AC900FA0846 /* SBJsonStreamParserAdapter.m in Sources */,
				AF416BA3165A2AC900FA0846 /* SBJsonStreamParserState.m in Sources */,
				AF416BA4165A2AC900FA0846 /* SBJsonStreamWriter.m in Sources */,
				AF416BA5165A2AC900FA0846 /* SBJsonStreamWriterAccumulator.m in Sources */,
				AF416BA6165A2AC900FA0846 /* SBJsonStreamWriterState.m in Sources */,
				AF416BA7165A2AC900FA0846 /* SBJsonTokeniser.m in Sources */,
				AF416BA8165A2AC900FA0846 /* SBJsonUTF8Stream.m in Sources */,
				AF416BA9165A2AC900FA0846 /* SBJsonWriter.m in Sources */,
				AFDEDB37165C862600EC461A /* RegisterViewController.m in Sources */,
				AFDEDB6D165CB97D00EC461A /* ForgotPasswordViewController.m in Sources */,
				AFDEDB6F165CB97D00EC461A /* LoginViewController.m in Sources */,
				AFDEDB71165CB97D00EC461A /* RegisterAgreeViewController.m in Sources */,
				9F1D285816625EC00080E96E /* StartView.m in Sources */,
				9F1D2861166260E40080E96E /* StyledPageControl.m in Sources */,
				7870AF2316626FD500255A96 /* CookPersonal_TableView.m in Sources */,
				AFF53ED51663100A00882AFD /* MyFavoritesViewController.m in Sources */,
				AFF53EDB1663102800882AFD /* ManagementCenterViewController.m in Sources */,
				AFF53EE11663113F00882AFD /* AnnouncementViewController.m in Sources */,
				AFF53EE71663115600882AFD /* ActivityViewController.m in Sources */,
				AFF53EED1663116700882AFD /* MallViewController.m in Sources */,
				AFF53EFC1663117600882AFD /* ActivateViewController.m in Sources */,
				AFF53EFE1663117600882AFD /* ActivationFailsViewController.m in Sources */,
				AFF53F001663117600882AFD /* ActivationSuccessfulViewController.m in Sources */,
				AFF53F021663117600882AFD /* InputPointsViewController.m in Sources */,
				AFF53F0B1663118300882AFD /* HomeCookViewController.m in Sources */,
				AFF53F0D1663118300882AFD /* HomeViewController.m in Sources */,
				AFF53F161663161E00882AFD /* MoreViewController.m in Sources */,
			);
			runOnlyForDeploymentPostprocessing = 0;
		};
/* End PBXSourcesBuildPhase section */

/* Begin PBXVariantGroup section */
		78F1DA21163D8AA300FBBA0B /* InfoPlist.strings */ = {
			isa = PBXVariantGroup;
			children = (
				78F1DA22163D8AA300FBBA0B /* en */,
			);
			name = InfoPlist.strings;
			sourceTree = "<group>";
		};
/* End PBXVariantGroup section */

/* Begin XCBuildConfiguration section */
		78F1DA2A163D8AA300FBBA0B /* Debug */ = {
			isa = XCBuildConfiguration;
			buildSettings = {
				ALWAYS_SEARCH_USER_PATHS = NO;
				ARCHS = "$(ARCHS_STANDARD_32_BIT)";
				"CODE_SIGN_IDENTITY[sdk=iphoneos*]" = "iPhone Developer";
				COPY_PHASE_STRIP = NO;
				GCC_C_LANGUAGE_STANDARD = gnu99;
				GCC_DYNAMIC_NO_PIC = NO;
				GCC_OPTIMIZATION_LEVEL = 0;
				GCC_PREPROCESSOR_DEFINITIONS = (
					"DEBUG=1",
					"$(inherited)",
				);
				GCC_SYMBOLS_PRIVATE_EXTERN = NO;
				GCC_VERSION = com.apple.compilers.llvm.clang.1_0;
				GCC_WARN_ABOUT_MISSING_PROTOTYPES = YES;
				GCC_WARN_ABOUT_RETURN_TYPE = YES;
				GCC_WARN_UNUSED_VARIABLE = YES;
				IPHONEOS_DEPLOYMENT_TARGET = 4.3;
				SDKROOT = iphoneos;
			};
			name = Debug;
		};
		78F1DA2B163D8AA300FBBA0B /* Release */ = {
			isa = XCBuildConfiguration;
			buildSettings = {
				ALWAYS_SEARCH_USER_PATHS = NO;
				ARCHS = "$(ARCHS_STANDARD_32_BIT)";
				"CODE_SIGN_IDENTITY[sdk=iphoneos*]" = "iPhone Developer";
				COPY_PHASE_STRIP = YES;
				GCC_C_LANGUAGE_STANDARD = gnu99;
				GCC_VERSION = com.apple.compilers.llvm.clang.1_0;
				GCC_WARN_ABOUT_MISSING_PROTOTYPES = YES;
				GCC_WARN_ABOUT_RETURN_TYPE = YES;
				GCC_WARN_UNUSED_VARIABLE = YES;
				IPHONEOS_DEPLOYMENT_TARGET = 4.3;
				OTHER_CFLAGS = "-DNS_BLOCK_ASSERTIONS=1";
				SDKROOT = iphoneos;
				VALIDATE_PRODUCT = YES;
			};
			name = Release;
		};
		78F1DA2D163D8AA300FBBA0B /* Debug */ = {
			isa = XCBuildConfiguration;
			buildSettings = {
				CLANG_ENABLE_OBJC_ARC = YES;
				GCC_PRECOMPILE_PREFIX_HEADER = YES;
				GCC_PREFIX_HEADER = "Totole/Totole-Prefix.pch";
				INFOPLIST_FILE = "Totole/Totole-Info.plist";
				IPHONEOS_DEPLOYMENT_TARGET = 4.3;
				PRODUCT_NAME = "$(TARGET_NAME)";
				WRAPPER_EXTENSION = app;
			};
			name = Debug;
		};
		78F1DA2E163D8AA300FBBA0B /* Release */ = {
			isa = XCBuildConfiguration;
			buildSettings = {
				CLANG_ENABLE_OBJC_ARC = YES;
				GCC_PRECOMPILE_PREFIX_HEADER = YES;
				GCC_PREFIX_HEADER = "Totole/Totole-Prefix.pch";
				INFOPLIST_FILE = "Totole/Totole-Info.plist";
				IPHONEOS_DEPLOYMENT_TARGET = 4.3;
				PRODUCT_NAME = "$(TARGET_NAME)";
				WRAPPER_EXTENSION = app;
			};
			name = Release;
		};
/* End XCBuildConfiguration section */

/* Begin XCConfigurationList section */
		78F1DA10163D8AA300FBBA0B /* Build configuration list for PBXProject "Totole" */ = {
			isa = XCConfigurationList;
			buildConfigurations = (
				78F1DA2A163D8AA300FBBA0B /* Debug */,
				78F1DA2B163D8AA300FBBA0B /* Release */,
			);
			defaultConfigurationIsVisible = 0;
			defaultConfigurationName = Release;
		};
		78F1DA2C163D8AA300FBBA0B /* Build configuration list for PBXNativeTarget "Totole" */ = {
			isa = XCConfigurationList;
			buildConfigurations = (
				78F1DA2D163D8AA300FBBA0B /* Debug */,
				78F1DA2E163D8AA300FBBA0B /* Release */,
			);
			defaultConfigurationIsVisible = 0;
			defaultConfigurationName = Release;
		};
/* End XCConfigurationList section */
	};
	rootObject = 78F1DA0D163D8AA300FBBA0B /* Project object */;
}
